// !$*UTF8*$!
{
	archiveVersion = 1;
	classes = {
	};
	objectVersion = 45;
	objects = {

/* Begin PBXAggregateTarget section */
		071271121255283700C94F40 /* CreateSDK */ = {
			isa = PBXAggregateTarget;
			buildConfigurationList = 071271151255285600C94F40 /* Build configuration list for PBXAggregateTarget "CreateSDK" */;
			buildPhases = (
				071271111255283700C94F40 /* ShellScript */,
			);
			dependencies = (
			);
			name = CreateSDK;
			productName = CreateSDK;
		};
/* End PBXAggregateTarget section */

/* Begin PBXBuildFile section */
		07126F601255196500C94F40 /* SDKSettings.plist in Resources */ = {isa = PBXBuildFile; fileRef = 07126F5D1255196500C94F40 /* SDKSettings.plist */; };
		07126F611255196500C94F40 /* SDKSettings.plist in Resources */ = {isa = PBXBuildFile; fileRef = 07126F5F1255196500C94F40 /* SDKSettings.plist */; };
		07126F641255198000C94F40 /* CreateSDK.sh in Resources */ = {isa = PBXBuildFile; fileRef = 07126F631255198000C94F40 /* CreateSDK.sh */; };
		07126F6A1255199A00C94F40 /* Changes.rtf in Resources */ = {isa = PBXBuildFile; fileRef = 07126F661255199900C94F40 /* Changes.rtf */; };
		07126F6B1255199A00C94F40 /* Credits.rtf in Resources */ = {isa = PBXBuildFile; fileRef = 07126F671255199A00C94F40 /* Credits.rtf */; };
		07126F6C1255199A00C94F40 /* Install.rtf in Resources */ = {isa = PBXBuildFile; fileRef = 07126F681255199A00C94F40 /* Install.rtf */; };
		07126F6D1255199A00C94F40 /* README in Resources */ = {isa = PBXBuildFile; fileRef = 07126F691255199A00C94F40 /* README */; };
		07126F771255229400C94F40 /* Anorms.h in Headers */ = {isa = PBXBuildFile; fileRef = 077FF91C124CB42200FC7D17 /* Anorms.h */; };
		07126F781255229400C94F40 /* CGAABB.h in Headers */ = {isa = PBXBuildFile; fileRef = 077FF966124CBE6000FC7D17 /* CGAABB.h */; };
		07126F791255229400C94F40 /* CGMaths.h in Headers */ = {isa = PBXBuildFile; fileRef = 077FF0E21248C53D00FC7D17 /* CGMaths.h */; };
		07126F7A1255229400C94F40 /* CGMathsConstants.h in Headers */ = {isa = PBXBuildFile; fileRef = 077FF0EC1248C5FF00FC7D17 /* CGMathsConstants.h */; };
		07126F7B1255229400C94F40 /* CGMathsUtilties.h in Headers */ = {isa = PBXBuildFile; fileRef = 077FF0ED1248C69500FC7D17 /* CGMathsUtilties.h */; };
		07126F7C1255229400C94F40 /* CGMatrix3x3.h in Headers */ = {isa = PBXBuildFile; fileRef = 077FF17C1248DD4B00FC7D17 /* CGMatrix3x3.h */; };
		07126F7D1255229400C94F40 /* CGMatrix4x4.h in Headers */ = {isa = PBXBuildFile; fileRef = 077FF1621248D68700FC7D17 /* CGMatrix4x4.h */; };
		07126F7E1255229400C94F40 /* CGQuaternion.h in Headers */ = {isa = PBXBuildFile; fileRef = 078B0A9C12522D1E00227D49 /* CGQuaternion.h */; };
		07126F7F1255229400C94F40 /* CGSphere.h in Headers */ = {isa = PBXBuildFile; fileRef = 07A8F5E01254A489009E62A5 /* CGSphere.h */; };
		07126F801255229400C94F40 /* CGVector2D.h in Headers */ = {isa = PBXBuildFile; fileRef = 077FF0EF1248C72700FC7D17 /* CGVector2D.h */; };
		07126F811255229400C94F40 /* CGVector3D.h in Headers */ = {isa = PBXBuildFile; fileRef = 077FF0F11248C89D00FC7D17 /* CGVector3D.h */; };
		07126F821255229400C94F40 /* CGVector4D.h in Headers */ = {isa = PBXBuildFile; fileRef = 077FF1631248D6B900FC7D17 /* CGVector4D.h */; };
		07126F831255229400C94F40 /* Compression.h in Headers */ = {isa = PBXBuildFile; fileRef = 077FF87D124BEB6300FC7D17 /* Compression.h */; };
		07127067125522A900C94F40 /* UIKit.framework in Frameworks */ = {isa = PBXBuildFile; fileRef = 1DF5F4DF0D08C38300B7A737 /* UIKit.framework */; };
		07127068125522A900C94F40 /* Foundation.framework in Frameworks */ = {isa = PBXBuildFile; fileRef = 1D30AB110D05D00D00671497 /* Foundation.framework */; };
		07127069125522A900C94F40 /* CoreGraphics.framework in Frameworks */ = {isa = PBXBuildFile; fileRef = 2892E40F0DC94CBA00A64D0F /* CoreGraphics.framework */; };
		0712706A125522A900C94F40 /* OpenGLES.framework in Frameworks */ = {isa = PBXBuildFile; fileRef = 077FF21712490B9300FC7D17 /* OpenGLES.framework */; };
		0712706B125522A900C94F40 /* QuartzCore.framework in Frameworks */ = {isa = PBXBuildFile; fileRef = 077FF21B12490BB500FC7D17 /* QuartzCore.framework */; };
		0712706C125522A900C94F40 /* libz.dylib in Frameworks */ = {isa = PBXBuildFile; fileRef = 077FF885124BEC6500FC7D17 /* libz.dylib */; };
		0712706D125522B500C94F40 /* RenderTimer.mm in Sources */ = {isa = PBXBuildFile; fileRef = 077FF1CF12490B0F00FC7D17 /* RenderTimer.mm */; };
		0712706E125522B500C94F40 /* GameTimer.m in Sources */ = {isa = PBXBuildFile; fileRef = 077FFC1F124E398A00FC7D17 /* GameTimer.m */; };
		0712706F125522D500C94F40 /* RenderTimer.h in Headers */ = {isa = PBXBuildFile; fileRef = 077FF1CE12490B0F00FC7D17 /* RenderTimer.h */; };
		07127070125522D500C94F40 /* GameTimer.h in Headers */ = {isa = PBXBuildFile; fileRef = 077FFC1E124E398A00FC7D17 /* GameTimer.h */; };
		07127071125522DF00C94F40 /* Compression.m in Sources */ = {isa = PBXBuildFile; fileRef = 077FF87E124BEB6300FC7D17 /* Compression.m */; };
		07127072125522E800C94F40 /* Electric3D.h in Headers */ = {isa = PBXBuildFile; fileRef = 07126F6E12551E3700C94F40 /* Electric3D.h */; };
		07127073125522FD00C94F40 /* GLView.h in Headers */ = {isa = PBXBuildFile; fileRef = 077FF32B124A0AA300FC7D17 /* GLView.h */; };
		07127074125522FD00C94F40 /* GLRenderer.h in Headers */ = {isa = PBXBuildFile; fileRef = 077FF48C124A433E00FC7D17 /* GLRenderer.h */; };
		071270751255230200C94F40 /* IRenderEngine.h in Headers */ = {isa = PBXBuildFile; fileRef = 077FF32E124A0C0C00FC7D17 /* IRenderEngine.h */; };
		071270761255230800C94F40 /* GLView.mm in Sources */ = {isa = PBXBuildFile; fileRef = 077FF32C124A0AA300FC7D17 /* GLView.mm */; };
		071270771255230800C94F40 /* GLRenderer.mm in Sources */ = {isa = PBXBuildFile; fileRef = 077FF48D124A433E00FC7D17 /* GLRenderer.mm */; };
		071270781255231300C94F40 /* error.c in Sources */ = {isa = PBXBuildFile; fileRef = 077FF50D124A523800FC7D17 /* error.c */; };
		071270791255231300C94F40 /* project.c in Sources */ = {isa = PBXBuildFile; fileRef = 077FF512124A523800FC7D17 /* project.c */; };
		0712707A1255231300C94F40 /* registry.c in Sources */ = {isa = PBXBuildFile; fileRef = 077FF513124A523800FC7D17 /* registry.c */; };
		0712707B1255231C00C94F40 /* GLES1RenderEngine.mm in Sources */ = {isa = PBXBuildFile; fileRef = 077FF330124A0D2700FC7D17 /* GLES1RenderEngine.mm */; };
		0712707C1255231C00C94F40 /* GLES1Renderer.mm in Sources */ = {isa = PBXBuildFile; fileRef = 077FFC7D124E3E6500FC7D17 /* GLES1Renderer.mm */; };
		0712707D1255232200C94F40 /* GLES1RenderEngine.h in Headers */ = {isa = PBXBuildFile; fileRef = 077FF32F124A0D2700FC7D17 /* GLES1RenderEngine.h */; };
		0712707E1255232200C94F40 /* GLES1Renderer.h in Headers */ = {isa = PBXBuildFile; fileRef = 077FFC7C124E3E6500FC7D17 /* GLES1Renderer.h */; };
		0712707F1255232900C94F40 /* glue.c in Sources */ = {isa = PBXBuildFile; fileRef = 077FF50F124A523800FC7D17 /* glue.c */; };
		071270801255233100C94F40 /* glu.h in Headers */ = {isa = PBXBuildFile; fileRef = 077FF50E124A523800FC7D17 /* glu.h */; };
		071270811255233100C94F40 /* gluint.h in Headers */ = {isa = PBXBuildFile; fileRef = 077FF510124A523800FC7D17 /* gluint.h */; };
		071270821255233100C94F40 /* gluos.h in Headers */ = {isa = PBXBuildFile; fileRef = 077FF511124A523800FC7D17 /* gluos.h */; };
		071270831255233C00C94F40 /* GLObjectTypes.h in Headers */ = {isa = PBXBuildFile; fileRef = 077FFAE7124CF8AC00FC7D17 /* GLObjectTypes.h */; };
		071270841255233C00C94F40 /* GLObject.h in Headers */ = {isa = PBXBuildFile; fileRef = 077FFAE6124CF8AC00FC7D17 /* GLObject.h */; };
		071270851255234400C94F40 /* GLScene.h in Headers */ = {isa = PBXBuildFile; fileRef = 078B05831250D57F00227D49 /* GLScene.h */; };
		071270861255234900C94F40 /* GLScene.mm in Sources */ = {isa = PBXBuildFile; fileRef = 078B05841250D57F00227D49 /* GLScene.mm */; };
		071270871255235200C94F40 /* GLModels.h in Headers */ = {isa = PBXBuildFile; fileRef = 078B086712510EDD00227D49 /* GLModels.h */; };
		071270881255235200C94F40 /* GLModelTypes.h in Headers */ = {isa = PBXBuildFile; fileRef = 078B0828125107D700227D49 /* GLModelTypes.h */; };
		071270891255235200C94F40 /* GLModel.h in Headers */ = {isa = PBXBuildFile; fileRef = 077FF52D124A559E00FC7D17 /* GLModel.h */; };
		0712708A1255235600C94F40 /* GLModel.mm in Sources */ = {isa = PBXBuildFile; fileRef = 077FF531124A564800FC7D17 /* GLModel.mm */; };
		0712708B1255235B00C94F40 /* GLModelStatic.h in Headers */ = {isa = PBXBuildFile; fileRef = 078B084912510CAA00227D49 /* GLModelStatic.h */; };
		0712708C1255235B00C94F40 /* GLModelVertexAnimation.h in Headers */ = {isa = PBXBuildFile; fileRef = 078B08291251083600227D49 /* GLModelVertexAnimation.h */; };
		0712708D1255236000C94F40 /* GLModelStatic.mm in Sources */ = {isa = PBXBuildFile; fileRef = 078B084A12510CAA00227D49 /* GLModelStatic.mm */; };
		0712708E1255236000C94F40 /* GLModelVertexAnimation.mm in Sources */ = {isa = PBXBuildFile; fileRef = 078B082A1251083600227D49 /* GLModelVertexAnimation.mm */; };
		0712708F1255238300C94F40 /* GLColors.h in Headers */ = {isa = PBXBuildFile; fileRef = 077FF2591249184500FC7D17 /* GLColors.h */; };
		071270901255238300C94F40 /* GLColor.h in Headers */ = {isa = PBXBuildFile; fileRef = 077FF2571249184500FC7D17 /* GLColor.h */; };
		071270911255238B00C94F40 /* GLColor.mm in Sources */ = {isa = PBXBuildFile; fileRef = 077FF2581249184500FC7D17 /* GLColor.mm */; };
		071270921255239900C94F40 /* GLSpriteFactory.h in Headers */ = {isa = PBXBuildFile; fileRef = 077FFA93124CE96900FC7D17 /* GLSpriteFactory.h */; };
		071270931255239D00C94F40 /* GLSpriteFactory.mm in Sources */ = {isa = PBXBuildFile; fileRef = 077FFA94124CE96900FC7D17 /* GLSpriteFactory.mm */; };
		07127094125523A600C94F40 /* GLSprite.h in Headers */ = {isa = PBXBuildFile; fileRef = 077FFA97124CEA7000FC7D17 /* GLSprite.h */; };
		07127095125523AA00C94F40 /* GLSprite.mm in Sources */ = {isa = PBXBuildFile; fileRef = 077FFA98124CEA7000FC7D17 /* GLSprite.mm */; };
		07127096125523C000C94F40 /* GLTextureFactory.h in Headers */ = {isa = PBXBuildFile; fileRef = 077FFA0E124CD26900FC7D17 /* GLTextureFactory.h */; };
		07127097125523C500C94F40 /* GLTextureFactory.mm in Sources */ = {isa = PBXBuildFile; fileRef = 077FFA0F124CD26900FC7D17 /* GLTextureFactory.mm */; };
		07127098125523CB00C94F40 /* GLTexture.h in Headers */ = {isa = PBXBuildFile; fileRef = 077FFA16124CD70400FC7D17 /* GLTexture.h */; };
		07127099125523CF00C94F40 /* GLTexture.mm in Sources */ = {isa = PBXBuildFile; fileRef = 077FFA17124CD70400FC7D17 /* GLTexture.mm */; };
		0712709A125523D800C94F40 /* GLBasicTextureLoader.h in Headers */ = {isa = PBXBuildFile; fileRef = 077FF2D41249265000FC7D17 /* GLBasicTextureLoader.h */; };
		0712709B125523D800C94F40 /* GLPVRTextureLoader.h in Headers */ = {isa = PBXBuildFile; fileRef = 077FF2D61249265000FC7D17 /* GLPVRTextureLoader.h */; };
		0712709C125523DD00C94F40 /* GLBasicTextureLoader.mm in Sources */ = {isa = PBXBuildFile; fileRef = 077FF2D51249265000FC7D17 /* GLBasicTextureLoader.mm */; };
		0712709D125523DD00C94F40 /* GLPVRTextureLoader.mm in Sources */ = {isa = PBXBuildFile; fileRef = 077FF2D71249265000FC7D17 /* GLPVRTextureLoader.mm */; };
		0712709E125523E700C94F40 /* MD3Types.h in Headers */ = {isa = PBXBuildFile; fileRef = 078B0B301252496700227D49 /* MD3Types.h */; };
		0712709F125523EF00C94F40 /* MD2Types.h in Headers */ = {isa = PBXBuildFile; fileRef = 077FF921124CB42200FC7D17 /* MD2Types.h */; };
		071270A0125523EF00C94F40 /* MD2Model.h in Headers */ = {isa = PBXBuildFile; fileRef = 077FF91D124CB42200FC7D17 /* MD2Model.h */; };
		071270A1125523EF00C94F40 /* MD2ModelConvertor.h in Headers */ = {isa = PBXBuildFile; fileRef = 077FF91F124CB42200FC7D17 /* MD2ModelConvertor.h */; };
		071270A2125523F500C94F40 /* MD2Model.mm in Sources */ = {isa = PBXBuildFile; fileRef = 077FF91E124CB42200FC7D17 /* MD2Model.mm */; };
		071270A3125523F500C94F40 /* MD2ModelConvertor.mm in Sources */ = {isa = PBXBuildFile; fileRef = 077FF920124CB42200FC7D17 /* MD2ModelConvertor.mm */; };
		071270DF1255241C00C94F40 /* GLMeshShapes.h in Headers */ = {isa = PBXBuildFile; fileRef = 078B02E7124F985500227D49 /* GLMeshShapes.h */; };
		071270E01255241C00C94F40 /* GLMeshCone.h in Headers */ = {isa = PBXBuildFile; fileRef = 078B08171251056800227D49 /* GLMeshCone.h */; };
		071270E11255241C00C94F40 /* GLMeshCube.h in Headers */ = {isa = PBXBuildFile; fileRef = 078B08181251056800227D49 /* GLMeshCube.h */; };
		071270E21255241C00C94F40 /* GLMeshCylinder.h in Headers */ = {isa = PBXBuildFile; fileRef = 078B08191251056800227D49 /* GLMeshCylinder.h */; };
		071270E31255241C00C94F40 /* GLMeshSphere.h in Headers */ = {isa = PBXBuildFile; fileRef = 078B081A1251056800227D49 /* GLMeshSphere.h */; };
		071270E41255242500C94F40 /* GLMeshWriter.h in Headers */ = {isa = PBXBuildFile; fileRef = 078B03EC1250993E00227D49 /* GLMeshWriter.h */; };
		071270E51255242900C94F40 /* GLMeshWriter.mm in Sources */ = {isa = PBXBuildFile; fileRef = 078B03ED1250993E00227D49 /* GLMeshWriter.mm */; };
		071270E61255243C00C94F40 /* GLMeshTypes.h in Headers */ = {isa = PBXBuildFile; fileRef = 077FF935124CB49600FC7D17 /* GLMeshTypes.h */; };
		071270E71255243C00C94F40 /* GLMesh.h in Headers */ = {isa = PBXBuildFile; fileRef = 077FF932124CB49600FC7D17 /* GLMesh.h */; };
		071270E81255243C00C94F40 /* GLMeshStatic.h in Headers */ = {isa = PBXBuildFile; fileRef = 077FF933124CB49600FC7D17 /* GLMeshStatic.h */; };
		071270E91255243C00C94F40 /* GLMeshVertexAnimation.h in Headers */ = {isa = PBXBuildFile; fileRef = 077FF936124CB49600FC7D17 /* GLMeshVertexAnimation.h */; };
		071270EA1255244200C94F40 /* GLMeshStatic.mm in Sources */ = {isa = PBXBuildFile; fileRef = 077FF934124CB49600FC7D17 /* GLMeshStatic.mm */; };
		071270EB1255244200C94F40 /* GLMeshVertexAnimation.mm in Sources */ = {isa = PBXBuildFile; fileRef = 077FF937124CB49600FC7D17 /* GLMeshVertexAnimation.mm */; };
		071270EC1255244900C94F40 /* GLMeshFactory.h in Headers */ = {isa = PBXBuildFile; fileRef = 077FF92F124CB46500FC7D17 /* GLMeshFactory.h */; };
		071270ED1255244E00C94F40 /* GLMeshFactory.mm in Sources */ = {isa = PBXBuildFile; fileRef = 077FF930124CB46500FC7D17 /* GLMeshFactory.mm */; };
		071270EE1255245A00C94F40 /* GLVertexTypes.h in Headers */ = {isa = PBXBuildFile; fileRef = 077FF914124CB32200FC7D17 /* GLVertexTypes.h */; };
		071270EF1255245A00C94F40 /* GTVertexSubTypes.h in Headers */ = {isa = PBXBuildFile; fileRef = 077FF913124CB28300FC7D17 /* GTVertexSubTypes.h */; };
		071270F01255246C00C94F40 /* GLCameras.h in Headers */ = {isa = PBXBuildFile; fileRef = 07A8F4A512539F37009E62A5 /* GLCameras.h */; };
		071270F11255246C00C94F40 /* GLCamera.h in Headers */ = {isa = PBXBuildFile; fileRef = 078B0A9A125220CB00227D49 /* GLCamera.h */; };
		071270F21255246C00C94F40 /* GLPerspective.h in Headers */ = {isa = PBXBuildFile; fileRef = 07A8F45512536F73009E62A5 /* GLPerspective.h */; };
		071270F31255247100C94F40 /* GLCamera.mm in Sources */ = {isa = PBXBuildFile; fileRef = 078B0A9B125220CB00227D49 /* GLCamera.mm */; };
		071270F41255247100C94F40 /* GLPerspective.mm in Sources */ = {isa = PBXBuildFile; fileRef = 07A8F45612536F73009E62A5 /* GLPerspective.mm */; };
		077FF1D012490B0F00FC7D17 /* RenderTimer.mm in Sources */ = {isa = PBXBuildFile; fileRef = 077FF1CF12490B0F00FC7D17 /* RenderTimer.mm */; };
		077FF21812490B9300FC7D17 /* OpenGLES.framework in Frameworks */ = {isa = PBXBuildFile; fileRef = 077FF21712490B9300FC7D17 /* OpenGLES.framework */; };
		077FF21C12490BB500FC7D17 /* QuartzCore.framework in Frameworks */ = {isa = PBXBuildFile; fileRef = 077FF21B12490BB500FC7D17 /* QuartzCore.framework */; };
		077FF25A1249184500FC7D17 /* GLColor.mm in Sources */ = {isa = PBXBuildFile; fileRef = 077FF2581249184500FC7D17 /* GLColor.mm */; };
		077FF2DB1249265000FC7D17 /* GLBasicTextureLoader.mm in Sources */ = {isa = PBXBuildFile; fileRef = 077FF2D51249265000FC7D17 /* GLBasicTextureLoader.mm */; };
		077FF2DC1249265000FC7D17 /* GLPVRTextureLoader.mm in Sources */ = {isa = PBXBuildFile; fileRef = 077FF2D71249265000FC7D17 /* GLPVRTextureLoader.mm */; };
		077FF32D124A0AA300FC7D17 /* GLView.mm in Sources */ = {isa = PBXBuildFile; fileRef = 077FF32C124A0AA300FC7D17 /* GLView.mm */; };
		077FF331124A0D2700FC7D17 /* GLES1RenderEngine.mm in Sources */ = {isa = PBXBuildFile; fileRef = 077FF330124A0D2700FC7D17 /* GLES1RenderEngine.mm */; };
		077FF35F124A1DB500FC7D17 /* GLTestGeneral.mm in Sources */ = {isa = PBXBuildFile; fileRef = 077FF35E124A1DB500FC7D17 /* GLTestGeneral.mm */; };
		077FF48E124A433E00FC7D17 /* GLRenderer.mm in Sources */ = {isa = PBXBuildFile; fileRef = 077FF48D124A433E00FC7D17 /* GLRenderer.mm */; };
		077FF514124A523800FC7D17 /* error.c in Sources */ = {isa = PBXBuildFile; fileRef = 077FF50D124A523800FC7D17 /* error.c */; };
		077FF515124A523800FC7D17 /* glue.c in Sources */ = {isa = PBXBuildFile; fileRef = 077FF50F124A523800FC7D17 /* glue.c */; };
		077FF516124A523800FC7D17 /* project.c in Sources */ = {isa = PBXBuildFile; fileRef = 077FF512124A523800FC7D17 /* project.c */; };
		077FF517124A523800FC7D17 /* registry.c in Sources */ = {isa = PBXBuildFile; fileRef = 077FF513124A523800FC7D17 /* registry.c */; };
		077FF532124A564800FC7D17 /* GLModel.mm in Sources */ = {isa = PBXBuildFile; fileRef = 077FF531124A564800FC7D17 /* GLModel.mm */; };
		077FF716124BBA9A00FC7D17 /* GLTestMeshFactory.mm in Sources */ = {isa = PBXBuildFile; fileRef = 077FF715124BBA9A00FC7D17 /* GLTestMeshFactory.mm */; };
		077FF73B124BBE1900FC7D17 /* MD2AnimatedMeshTest.md2 in Resources */ = {isa = PBXBuildFile; fileRef = 077FF73A124BBE1900FC7D17 /* MD2AnimatedMeshTest.md2 */; };
		077FF73D124BBE2600FC7D17 /* MD2Test.png in Resources */ = {isa = PBXBuildFile; fileRef = 077FF73C124BBE2600FC7D17 /* MD2Test.png */; };
		077FF7C7124BC7AF00FC7D17 /* GLTestTextureFactory.mm in Sources */ = {isa = PBXBuildFile; fileRef = 077FF7C6124BC7AF00FC7D17 /* GLTestTextureFactory.mm */; };
		077FF87F124BEB6300FC7D17 /* Compression.m in Sources */ = {isa = PBXBuildFile; fileRef = 077FF87E124BEB6300FC7D17 /* Compression.m */; };
		077FF886124BEC6500FC7D17 /* libz.dylib in Frameworks */ = {isa = PBXBuildFile; fileRef = 077FF885124BEC6500FC7D17 /* libz.dylib */; };
		077FF922124CB42200FC7D17 /* MD2Model.mm in Sources */ = {isa = PBXBuildFile; fileRef = 077FF91E124CB42200FC7D17 /* MD2Model.mm */; };
		077FF923124CB42200FC7D17 /* MD2ModelConvertor.mm in Sources */ = {isa = PBXBuildFile; fileRef = 077FF920124CB42200FC7D17 /* MD2ModelConvertor.mm */; };
		077FF931124CB46500FC7D17 /* GLMeshFactory.mm in Sources */ = {isa = PBXBuildFile; fileRef = 077FF930124CB46500FC7D17 /* GLMeshFactory.mm */; };
		077FF938124CB49600FC7D17 /* GLMeshStatic.mm in Sources */ = {isa = PBXBuildFile; fileRef = 077FF934124CB49600FC7D17 /* GLMeshStatic.mm */; };
		077FF939124CB49600FC7D17 /* GLMeshVertexAnimation.mm in Sources */ = {isa = PBXBuildFile; fileRef = 077FF937124CB49600FC7D17 /* GLMeshVertexAnimation.mm */; };
		077FF958124CB85D00FC7D17 /* MD2StaticMeshTest.md2 in Resources */ = {isa = PBXBuildFile; fileRef = 077FF957124CB85D00FC7D17 /* MD2StaticMeshTest.md2 */; };
		077FFA10124CD26900FC7D17 /* GLTextureFactory.mm in Sources */ = {isa = PBXBuildFile; fileRef = 077FFA0F124CD26900FC7D17 /* GLTextureFactory.mm */; };
		077FFA18124CD70400FC7D17 /* GLTexture.mm in Sources */ = {isa = PBXBuildFile; fileRef = 077FFA17124CD70400FC7D17 /* GLTexture.mm */; };
		077FFA95124CE96900FC7D17 /* GLSpriteFactory.mm in Sources */ = {isa = PBXBuildFile; fileRef = 077FFA94124CE96900FC7D17 /* GLSpriteFactory.mm */; };
		077FFA99124CEA7000FC7D17 /* GLSprite.mm in Sources */ = {isa = PBXBuildFile; fileRef = 077FFA98124CEA7000FC7D17 /* GLSprite.mm */; };
		077FFC20124E398A00FC7D17 /* GameTimer.m in Sources */ = {isa = PBXBuildFile; fileRef = 077FFC1F124E398A00FC7D17 /* GameTimer.m */; };
		077FFC7E124E3E6500FC7D17 /* GLES1Renderer.mm in Sources */ = {isa = PBXBuildFile; fileRef = 077FFC7D124E3E6500FC7D17 /* GLES1Renderer.mm */; };
		078B0128124E50FD00227D49 /* application_icon@2x~iPhone.png in Resources */ = {isa = PBXBuildFile; fileRef = 078B0121124E50FC00227D49 /* application_icon@2x~iPhone.png */; };
		078B0129124E50FD00227D49 /* application_icon~iPad.png in Resources */ = {isa = PBXBuildFile; fileRef = 078B0122124E50FD00227D49 /* application_icon~iPad.png */; };
		078B012A124E50FD00227D49 /* application_icon~iPhone.png in Resources */ = {isa = PBXBuildFile; fileRef = 078B0123124E50FD00227D49 /* application_icon~iPhone.png */; };
		078B012B124E50FD00227D49 /* iTunesArtwork in Resources */ = {isa = PBXBuildFile; fileRef = 078B0124124E50FD00227D49 /* iTunesArtwork */; };
		078B012C124E50FD00227D49 /* search_icon.png in Resources */ = {isa = PBXBuildFile; fileRef = 078B0125124E50FD00227D49 /* search_icon.png */; };
		078B012D124E50FD00227D49 /* settings_search_icon.png in Resources */ = {isa = PBXBuildFile; fileRef = 078B0126124E50FD00227D49 /* settings_search_icon.png */; };
		078B012E124E50FD00227D49 /* settings_search_icon@2x.png in Resources */ = {isa = PBXBuildFile; fileRef = 078B0127124E50FD00227D49 /* settings_search_icon@2x.png */; };
		078B03EE1250993E00227D49 /* GLMeshWriter.mm in Sources */ = {isa = PBXBuildFile; fileRef = 078B03ED1250993E00227D49 /* GLMeshWriter.mm */; };
		078B04001250A1B400227D49 /* SL_taffy.md2 in Resources */ = {isa = PBXBuildFile; fileRef = 078B03FB1250A1B400227D49 /* SL_taffy.md2 */; };
		078B04011250A1B400227D49 /* SL_pickles.md2 in Resources */ = {isa = PBXBuildFile; fileRef = 078B03FC1250A1B400227D49 /* SL_pickles.md2 */; };
		078B04021250A1B400227D49 /* SL_hinkle.md2 in Resources */ = {isa = PBXBuildFile; fileRef = 078B03FD1250A1B400227D49 /* SL_hinkle.md2 */; };
		078B04031250A1B400227D49 /* SL_dasher.md2 in Resources */ = {isa = PBXBuildFile; fileRef = 078B03FE1250A1B400227D49 /* SL_dasher.md2 */; };
		078B04041250A1B400227D49 /* SL_bert.md2 in Resources */ = {isa = PBXBuildFile; fileRef = 078B03FF1250A1B400227D49 /* SL_bert.md2 */; };
		078B04071250A1DD00227D49 /* SL_bert.png in Resources */ = {isa = PBXBuildFile; fileRef = 078B04051250A1DD00227D49 /* SL_bert.png */; };
		078B04081250A1DD00227D49 /* SL_ghost_names.jpg in Resources */ = {isa = PBXBuildFile; fileRef = 078B04061250A1DD00227D49 /* SL_ghost_names.jpg */; };
		078B040D1250A1F000227D49 /* SL_dasher.png in Resources */ = {isa = PBXBuildFile; fileRef = 078B04091250A1F000227D49 /* SL_dasher.png */; };
		078B040E1250A1F000227D49 /* SL_taffy.png in Resources */ = {isa = PBXBuildFile; fileRef = 078B040A1250A1F000227D49 /* SL_taffy.png */; };
		078B040F1250A1F000227D49 /* SL_hinkle.png in Resources */ = {isa = PBXBuildFile; fileRef = 078B040B1250A1F000227D49 /* SL_hinkle.png */; };
		078B04101250A1F000227D49 /* SL_pickles.png in Resources */ = {isa = PBXBuildFile; fileRef = 078B040C1250A1F000227D49 /* SL_pickles.png */; };
		078B05851250D57F00227D49 /* GLScene.mm in Sources */ = {isa = PBXBuildFile; fileRef = 078B05841250D57F00227D49 /* GLScene.mm */; };
		078B082B1251083600227D49 /* GLModelVertexAnimation.mm in Sources */ = {isa = PBXBuildFile; fileRef = 078B082A1251083600227D49 /* GLModelVertexAnimation.mm */; };
		078B084B12510CAA00227D49 /* GLModelStatic.mm in Sources */ = {isa = PBXBuildFile; fileRef = 078B084A12510CAA00227D49 /* GLModelStatic.mm */; };
		078B095A1251F51500227D49 /* GLTestStaticMesh.mm in Sources */ = {isa = PBXBuildFile; fileRef = 078B09591251F51500227D49 /* GLTestStaticMesh.mm */; };
		078B097D1251F9C000227D49 /* GLTestVertexAnimatedMesh.mm in Sources */ = {isa = PBXBuildFile; fileRef = 078B097C1251F9C000227D49 /* GLTestVertexAnimatedMesh.mm */; };
		078B0B95125259AF00227D49 /* GLCamera.mm in Sources */ = {isa = PBXBuildFile; fileRef = 078B0A9B125220CB00227D49 /* GLCamera.mm */; };
		07A8F2B612535015009E62A5 /* GLTestCameraGeneral.mm in Sources */ = {isa = PBXBuildFile; fileRef = 07A8F2B512535015009E62A5 /* GLTestCameraGeneral.mm */; };
		07A8F45712536F73009E62A5 /* GLPerspective.mm in Sources */ = {isa = PBXBuildFile; fileRef = 07A8F45612536F73009E62A5 /* GLPerspective.mm */; };
		07A8F4A412539EE1009E62A5 /* GLTestCameraPerspective.mm in Sources */ = {isa = PBXBuildFile; fileRef = 07A8F4A312539EE1009E62A5 /* GLTestCameraPerspective.mm */; };
		07A8F54D1253B1E3009E62A5 /* E3D_cone.md2 in Resources */ = {isa = PBXBuildFile; fileRef = 07A8F5491253B1E3009E62A5 /* E3D_cone.md2 */; };
		07A8F54E1253B1E3009E62A5 /* E3D_sphere.md2 in Resources */ = {isa = PBXBuildFile; fileRef = 07A8F54A1253B1E3009E62A5 /* E3D_sphere.md2 */; };
		07A8F54F1253B1E3009E62A5 /* E3D_cylinder.md2 in Resources */ = {isa = PBXBuildFile; fileRef = 07A8F54B1253B1E3009E62A5 /* E3D_cylinder.md2 */; };
		07A8F5501253B1E3009E62A5 /* E3D_cube.md2 in Resources */ = {isa = PBXBuildFile; fileRef = 07A8F54C1253B1E3009E62A5 /* E3D_cube.md2 */; };
		07A8F5621253B2F1009E62A5 /* GLTestColorScene.mm in Sources */ = {isa = PBXBuildFile; fileRef = 07A8F5611253B2F1009E62A5 /* GLTestColorScene.mm */; };
		07A8F5831253B47D009E62A5 /* GLTestColorModel.mm in Sources */ = {isa = PBXBuildFile; fileRef = 07A8F5821253B47D009E62A5 /* GLTestColorModel.mm */; };
		07A8F59A1253B54B009E62A5 /* GLTestColorSceneModel.mm in Sources */ = {isa = PBXBuildFile; fileRef = 07A8F5991253B54B009E62A5 /* GLTestColorSceneModel.mm */; };
		07A8F6251254D88A009E62A5 /* CGTestMathsAABB.mm in Sources */ = {isa = PBXBuildFile; fileRef = 07A8F6241254D88A009E62A5 /* CGTestMathsAABB.mm */; };
		1D3623260D0F684500981E51 /* Electric3DAppDelegate.mm in Sources */ = {isa = PBXBuildFile; fileRef = 1D3623250D0F684500981E51 /* Electric3DAppDelegate.mm */; };
		1D60589B0D05DD56006BFB54 /* main.m in Sources */ = {isa = PBXBuildFile; fileRef = 29B97316FDCFA39411CA2CEA /* main.m */; };
		1D60589F0D05DD5A006BFB54 /* Foundation.framework in Frameworks */ = {isa = PBXBuildFile; fileRef = 1D30AB110D05D00D00671497 /* Foundation.framework */; };
		1DF5F4E00D08C38300B7A737 /* UIKit.framework in Frameworks */ = {isa = PBXBuildFile; fileRef = 1DF5F4DF0D08C38300B7A737 /* UIKit.framework */; };
		2892E4100DC94CBA00A64D0F /* CoreGraphics.framework in Frameworks */ = {isa = PBXBuildFile; fileRef = 2892E40F0DC94CBA00A64D0F /* CoreGraphics.framework */; };
		28AD73600D9D9599002E5188 /* MainWindow.xib in Resources */ = {isa = PBXBuildFile; fileRef = 28AD735F0D9D9599002E5188 /* MainWindow.xib */; };
		28C286E10D94DF7D0034E888 /* RootViewController.mm in Sources */ = {isa = PBXBuildFile; fileRef = 28C286E00D94DF7D0034E888 /* RootViewController.mm */; };
		28F335F11007B36200424DE2 /* RootViewController.xib in Resources */ = {isa = PBXBuildFile; fileRef = 28F335F01007B36200424DE2 /* RootViewController.xib */; };
/* End PBXBuildFile section */

/* Begin PBXFileReference section */
		07126F5D1255196500C94F40 /* SDKSettings.plist */ = {isa = PBXFileReference; fileEncoding = 4; lastKnownFileType = text.plist.xml; path = SDKSettings.plist; sourceTree = "<group>"; };
		07126F5F1255196500C94F40 /* SDKSettings.plist */ = {isa = PBXFileReference; fileEncoding = 4; lastKnownFileType = text.plist.xml; path = SDKSettings.plist; sourceTree = "<group>"; };
		07126F631255198000C94F40 /* CreateSDK.sh */ = {isa = PBXFileReference; fileEncoding = 4; lastKnownFileType = text.script.sh; path = CreateSDK.sh; sourceTree = "<group>"; };
		07126F661255199900C94F40 /* Changes.rtf */ = {isa = PBXFileReference; lastKnownFileType = text.rtf; path = Changes.rtf; sourceTree = "<group>"; };
		07126F671255199A00C94F40 /* Credits.rtf */ = {isa = PBXFileReference; lastKnownFileType = text.rtf; path = Credits.rtf; sourceTree = "<group>"; };
		07126F681255199A00C94F40 /* Install.rtf */ = {isa = PBXFileReference; lastKnownFileType = text.rtf; path = Install.rtf; sourceTree = "<group>"; };
		07126F691255199A00C94F40 /* README */ = {isa = PBXFileReference; fileEncoding = 4; lastKnownFileType = text; path = README; sourceTree = "<group>"; };
		07126F6E12551E3700C94F40 /* Electric3D.h */ = {isa = PBXFileReference; fileEncoding = 4; lastKnownFileType = sourcecode.c.h; path = Electric3D.h; sourceTree = "<group>"; };
		07126F7312551F0E00C94F40 /* libElectric3D.a */ = {isa = PBXFileReference; explicitFileType = archive.ar; includeInIndex = 0; path = libElectric3D.a; sourceTree = BUILT_PRODUCTS_DIR; };
		077FF0E21248C53D00FC7D17 /* CGMaths.h */ = {isa = PBXFileReference; explicitFileType = sourcecode.c.h; fileEncoding = 4; path = CGMaths.h; sourceTree = "<group>"; };
		077FF0EC1248C5FF00FC7D17 /* CGMathsConstants.h */ = {isa = PBXFileReference; fileEncoding = 4; lastKnownFileType = sourcecode.c.h; path = CGMathsConstants.h; sourceTree = "<group>"; };
		077FF0ED1248C69500FC7D17 /* CGMathsUtilties.h */ = {isa = PBXFileReference; fileEncoding = 4; lastKnownFileType = sourcecode.c.h; path = CGMathsUtilties.h; sourceTree = "<group>"; };
		077FF0EF1248C72700FC7D17 /* CGVector2D.h */ = {isa = PBXFileReference; fileEncoding = 4; lastKnownFileType = sourcecode.c.h; path = CGVector2D.h; sourceTree = "<group>"; };
		077FF0F11248C89D00FC7D17 /* CGVector3D.h */ = {isa = PBXFileReference; fileEncoding = 4; lastKnownFileType = sourcecode.c.h; path = CGVector3D.h; sourceTree = "<group>"; };
		077FF1621248D68700FC7D17 /* CGMatrix4x4.h */ = {isa = PBXFileReference; fileEncoding = 4; lastKnownFileType = sourcecode.c.h; path = CGMatrix4x4.h; sourceTree = "<group>"; };
		077FF1631248D6B900FC7D17 /* CGVector4D.h */ = {isa = PBXFileReference; fileEncoding = 4; lastKnownFileType = sourcecode.c.h; path = CGVector4D.h; sourceTree = "<group>"; };
		077FF17C1248DD4B00FC7D17 /* CGMatrix3x3.h */ = {isa = PBXFileReference; fileEncoding = 4; lastKnownFileType = sourcecode.c.h; path = CGMatrix3x3.h; sourceTree = "<group>"; };
		077FF1CE12490B0F00FC7D17 /* RenderTimer.h */ = {isa = PBXFileReference; fileEncoding = 4; lastKnownFileType = sourcecode.c.h; path = RenderTimer.h; sourceTree = "<group>"; };
		077FF1CF12490B0F00FC7D17 /* RenderTimer.mm */ = {isa = PBXFileReference; fileEncoding = 4; lastKnownFileType = sourcecode.cpp.objcpp; path = RenderTimer.mm; sourceTree = "<group>"; };
		077FF21712490B9300FC7D17 /* OpenGLES.framework */ = {isa = PBXFileReference; lastKnownFileType = wrapper.framework; name = OpenGLES.framework; path = System/Library/Frameworks/OpenGLES.framework; sourceTree = SDKROOT; };
		077FF21B12490BB500FC7D17 /* QuartzCore.framework */ = {isa = PBXFileReference; lastKnownFileType = wrapper.framework; name = QuartzCore.framework; path = System/Library/Frameworks/QuartzCore.framework; sourceTree = SDKROOT; };
		077FF2571249184500FC7D17 /* GLColor.h */ = {isa = PBXFileReference; fileEncoding = 4; lastKnownFileType = sourcecode.c.h; path = GLColor.h; sourceTree = "<group>"; };
		077FF2581249184500FC7D17 /* GLColor.mm */ = {isa = PBXFileReference; fileEncoding = 4; lastKnownFileType = sourcecode.cpp.objcpp; path = GLColor.mm; sourceTree = "<group>"; };
		077FF2591249184500FC7D17 /* GLColors.h */ = {isa = PBXFileReference; fileEncoding = 4; lastKnownFileType = sourcecode.c.h; path = GLColors.h; sourceTree = "<group>"; };
		077FF2D41249265000FC7D17 /* GLBasicTextureLoader.h */ = {isa = PBXFileReference; fileEncoding = 4; lastKnownFileType = sourcecode.c.h; path = GLBasicTextureLoader.h; sourceTree = "<group>"; };
		077FF2D51249265000FC7D17 /* GLBasicTextureLoader.mm */ = {isa = PBXFileReference; fileEncoding = 4; lastKnownFileType = sourcecode.cpp.objcpp; path = GLBasicTextureLoader.mm; sourceTree = "<group>"; };
		077FF2D61249265000FC7D17 /* GLPVRTextureLoader.h */ = {isa = PBXFileReference; fileEncoding = 4; lastKnownFileType = sourcecode.c.h; path = GLPVRTextureLoader.h; sourceTree = "<group>"; };
		077FF2D71249265000FC7D17 /* GLPVRTextureLoader.mm */ = {isa = PBXFileReference; fileEncoding = 4; lastKnownFileType = sourcecode.cpp.objcpp; path = GLPVRTextureLoader.mm; sourceTree = "<group>"; };
		077FF32B124A0AA300FC7D17 /* GLView.h */ = {isa = PBXFileReference; fileEncoding = 4; lastKnownFileType = sourcecode.c.h; path = GLView.h; sourceTree = "<group>"; };
		077FF32C124A0AA300FC7D17 /* GLView.mm */ = {isa = PBXFileReference; fileEncoding = 4; lastKnownFileType = sourcecode.cpp.objcpp; path = GLView.mm; sourceTree = "<group>"; };
		077FF32E124A0C0C00FC7D17 /* IRenderEngine.h */ = {isa = PBXFileReference; fileEncoding = 4; lastKnownFileType = sourcecode.c.h; path = IRenderEngine.h; sourceTree = "<group>"; };
		077FF32F124A0D2700FC7D17 /* GLES1RenderEngine.h */ = {isa = PBXFileReference; fileEncoding = 4; lastKnownFileType = sourcecode.c.h; path = GLES1RenderEngine.h; sourceTree = "<group>"; };
		077FF330124A0D2700FC7D17 /* GLES1RenderEngine.mm */ = {isa = PBXFileReference; fileEncoding = 4; lastKnownFileType = sourcecode.cpp.objcpp; path = GLES1RenderEngine.mm; sourceTree = "<group>"; };
		077FF35D124A1DB500FC7D17 /* GLTestGeneral.h */ = {isa = PBXFileReference; fileEncoding = 4; lastKnownFileType = sourcecode.c.h; path = GLTestGeneral.h; sourceTree = "<group>"; };
		077FF35E124A1DB500FC7D17 /* GLTestGeneral.mm */ = {isa = PBXFileReference; fileEncoding = 4; lastKnownFileType = sourcecode.cpp.objcpp; path = GLTestGeneral.mm; sourceTree = "<group>"; };
		077FF48C124A433E00FC7D17 /* GLRenderer.h */ = {isa = PBXFileReference; fileEncoding = 4; lastKnownFileType = sourcecode.c.h; path = GLRenderer.h; sourceTree = "<group>"; };
		077FF48D124A433E00FC7D17 /* GLRenderer.mm */ = {isa = PBXFileReference; fileEncoding = 4; lastKnownFileType = sourcecode.cpp.objcpp; path = GLRenderer.mm; sourceTree = "<group>"; };
		077FF50D124A523800FC7D17 /* error.c */ = {isa = PBXFileReference; fileEncoding = 4; lastKnownFileType = sourcecode.c.c; path = error.c; sourceTree = "<group>"; };
		077FF50E124A523800FC7D17 /* glu.h */ = {isa = PBXFileReference; fileEncoding = 4; lastKnownFileType = sourcecode.c.h; path = glu.h; sourceTree = "<group>"; };
		077FF50F124A523800FC7D17 /* glue.c */ = {isa = PBXFileReference; fileEncoding = 4; lastKnownFileType = sourcecode.c.c; path = glue.c; sourceTree = "<group>"; };
		077FF510124A523800FC7D17 /* gluint.h */ = {isa = PBXFileReference; fileEncoding = 4; lastKnownFileType = sourcecode.c.h; path = gluint.h; sourceTree = "<group>"; };
		077FF511124A523800FC7D17 /* gluos.h */ = {isa = PBXFileReference; fileEncoding = 4; lastKnownFileType = sourcecode.c.h; path = gluos.h; sourceTree = "<group>"; };
		077FF512124A523800FC7D17 /* project.c */ = {isa = PBXFileReference; fileEncoding = 4; lastKnownFileType = sourcecode.c.c; path = project.c; sourceTree = "<group>"; };
		077FF513124A523800FC7D17 /* registry.c */ = {isa = PBXFileReference; fileEncoding = 4; lastKnownFileType = sourcecode.c.c; path = registry.c; sourceTree = "<group>"; };
		077FF52D124A559E00FC7D17 /* GLModel.h */ = {isa = PBXFileReference; fileEncoding = 4; lastKnownFileType = sourcecode.c.h; path = GLModel.h; sourceTree = "<group>"; };
		077FF531124A564800FC7D17 /* GLModel.mm */ = {isa = PBXFileReference; fileEncoding = 4; lastKnownFileType = sourcecode.cpp.objcpp; path = GLModel.mm; sourceTree = "<group>"; };
		077FF714124BBA9A00FC7D17 /* GLTestMeshFactory.h */ = {isa = PBXFileReference; fileEncoding = 4; lastKnownFileType = sourcecode.c.h; path = GLTestMeshFactory.h; sourceTree = "<group>"; };
		077FF715124BBA9A00FC7D17 /* GLTestMeshFactory.mm */ = {isa = PBXFileReference; fileEncoding = 4; lastKnownFileType = sourcecode.cpp.objcpp; path = GLTestMeshFactory.mm; sourceTree = "<group>"; };
		077FF73A124BBE1900FC7D17 /* MD2AnimatedMeshTest.md2 */ = {isa = PBXFileReference; lastKnownFileType = file; path = MD2AnimatedMeshTest.md2; sourceTree = "<group>"; };
		077FF73C124BBE2600FC7D17 /* MD2Test.png */ = {isa = PBXFileReference; lastKnownFileType = image.png; path = MD2Test.png; sourceTree = "<group>"; };
		077FF7C5124BC7AF00FC7D17 /* GLTestTextureFactory.h */ = {isa = PBXFileReference; fileEncoding = 4; lastKnownFileType = sourcecode.c.h; path = GLTestTextureFactory.h; sourceTree = "<group>"; };
		077FF7C6124BC7AF00FC7D17 /* GLTestTextureFactory.mm */ = {isa = PBXFileReference; fileEncoding = 4; lastKnownFileType = sourcecode.cpp.objcpp; path = GLTestTextureFactory.mm; sourceTree = "<group>"; };
		077FF87D124BEB6300FC7D17 /* Compression.h */ = {isa = PBXFileReference; fileEncoding = 4; lastKnownFileType = sourcecode.c.h; path = Compression.h; sourceTree = "<group>"; };
		077FF87E124BEB6300FC7D17 /* Compression.m */ = {isa = PBXFileReference; fileEncoding = 4; lastKnownFileType = sourcecode.c.objc; path = Compression.m; sourceTree = "<group>"; };
		077FF885124BEC6500FC7D17 /* libz.dylib */ = {isa = PBXFileReference; lastKnownFileType = "compiled.mach-o.dylib"; name = libz.dylib; path = usr/lib/libz.dylib; sourceTree = SDKROOT; };
		077FF913124CB28300FC7D17 /* GTVertexSubTypes.h */ = {isa = PBXFileReference; fileEncoding = 4; lastKnownFileType = sourcecode.c.h; path = GTVertexSubTypes.h; sourceTree = "<group>"; };
		077FF914124CB32200FC7D17 /* GLVertexTypes.h */ = {isa = PBXFileReference; fileEncoding = 4; lastKnownFileType = sourcecode.c.h; path = GLVertexTypes.h; sourceTree = "<group>"; };
		077FF91C124CB42200FC7D17 /* Anorms.h */ = {isa = PBXFileReference; fileEncoding = 4; lastKnownFileType = sourcecode.c.h; path = Anorms.h; sourceTree = "<group>"; };
		077FF91D124CB42200FC7D17 /* MD2Model.h */ = {isa = PBXFileReference; fileEncoding = 4; lastKnownFileType = sourcecode.c.h; path = MD2Model.h; sourceTree = "<group>"; };
		077FF91E124CB42200FC7D17 /* MD2Model.mm */ = {isa = PBXFileReference; fileEncoding = 4; lastKnownFileType = sourcecode.cpp.objcpp; path = MD2Model.mm; sourceTree = "<group>"; };
		077FF91F124CB42200FC7D17 /* MD2ModelConvertor.h */ = {isa = PBXFileReference; fileEncoding = 4; lastKnownFileType = sourcecode.c.h; path = MD2ModelConvertor.h; sourceTree = "<group>"; };
		077FF920124CB42200FC7D17 /* MD2ModelConvertor.mm */ = {isa = PBXFileReference; fileEncoding = 4; lastKnownFileType = sourcecode.cpp.objcpp; path = MD2ModelConvertor.mm; sourceTree = "<group>"; };
		077FF921124CB42200FC7D17 /* MD2Types.h */ = {isa = PBXFileReference; fileEncoding = 4; lastKnownFileType = sourcecode.c.h; path = MD2Types.h; sourceTree = "<group>"; };
		077FF92F124CB46500FC7D17 /* GLMeshFactory.h */ = {isa = PBXFileReference; fileEncoding = 4; lastKnownFileType = sourcecode.c.h; path = GLMeshFactory.h; sourceTree = "<group>"; };
		077FF930124CB46500FC7D17 /* GLMeshFactory.mm */ = {isa = PBXFileReference; fileEncoding = 4; lastKnownFileType = sourcecode.cpp.objcpp; path = GLMeshFactory.mm; sourceTree = "<group>"; };
		077FF932124CB49600FC7D17 /* GLMesh.h */ = {isa = PBXFileReference; fileEncoding = 4; lastKnownFileType = sourcecode.c.h; path = GLMesh.h; sourceTree = "<group>"; };
		077FF933124CB49600FC7D17 /* GLMeshStatic.h */ = {isa = PBXFileReference; fileEncoding = 4; lastKnownFileType = sourcecode.c.h; path = GLMeshStatic.h; sourceTree = "<group>"; };
		077FF934124CB49600FC7D17 /* GLMeshStatic.mm */ = {isa = PBXFileReference; fileEncoding = 4; lastKnownFileType = sourcecode.cpp.objcpp; path = GLMeshStatic.mm; sourceTree = "<group>"; };
		077FF935124CB49600FC7D17 /* GLMeshTypes.h */ = {isa = PBXFileReference; fileEncoding = 4; lastKnownFileType = sourcecode.c.h; path = GLMeshTypes.h; sourceTree = "<group>"; };
		077FF936124CB49600FC7D17 /* GLMeshVertexAnimation.h */ = {isa = PBXFileReference; fileEncoding = 4; lastKnownFileType = sourcecode.c.h; path = GLMeshVertexAnimation.h; sourceTree = "<group>"; };
		077FF937124CB49600FC7D17 /* GLMeshVertexAnimation.mm */ = {isa = PBXFileReference; fileEncoding = 4; lastKnownFileType = sourcecode.cpp.objcpp; path = GLMeshVertexAnimation.mm; sourceTree = "<group>"; };
		077FF957124CB85D00FC7D17 /* MD2StaticMeshTest.md2 */ = {isa = PBXFileReference; lastKnownFileType = file; path = MD2StaticMeshTest.md2; sourceTree = "<group>"; };
		077FF966124CBE6000FC7D17 /* CGAABB.h */ = {isa = PBXFileReference; fileEncoding = 4; lastKnownFileType = sourcecode.c.h; path = CGAABB.h; sourceTree = "<group>"; };
		077FFA0E124CD26900FC7D17 /* GLTextureFactory.h */ = {isa = PBXFileReference; fileEncoding = 4; lastKnownFileType = sourcecode.c.h; path = GLTextureFactory.h; sourceTree = "<group>"; };
		077FFA0F124CD26900FC7D17 /* GLTextureFactory.mm */ = {isa = PBXFileReference; fileEncoding = 4; lastKnownFileType = sourcecode.cpp.objcpp; path = GLTextureFactory.mm; sourceTree = "<group>"; };
		077FFA16124CD70400FC7D17 /* GLTexture.h */ = {isa = PBXFileReference; fileEncoding = 4; lastKnownFileType = sourcecode.c.h; path = GLTexture.h; sourceTree = "<group>"; };
		077FFA17124CD70400FC7D17 /* GLTexture.mm */ = {isa = PBXFileReference; fileEncoding = 4; lastKnownFileType = sourcecode.cpp.objcpp; path = GLTexture.mm; sourceTree = "<group>"; };
		077FFA93124CE96900FC7D17 /* GLSpriteFactory.h */ = {isa = PBXFileReference; fileEncoding = 4; lastKnownFileType = sourcecode.c.h; path = GLSpriteFactory.h; sourceTree = "<group>"; };
		077FFA94124CE96900FC7D17 /* GLSpriteFactory.mm */ = {isa = PBXFileReference; fileEncoding = 4; lastKnownFileType = sourcecode.cpp.objcpp; path = GLSpriteFactory.mm; sourceTree = "<group>"; };
		077FFA97124CEA7000FC7D17 /* GLSprite.h */ = {isa = PBXFileReference; fileEncoding = 4; lastKnownFileType = sourcecode.c.h; path = GLSprite.h; sourceTree = "<group>"; };
		077FFA98124CEA7000FC7D17 /* GLSprite.mm */ = {isa = PBXFileReference; fileEncoding = 4; lastKnownFileType = sourcecode.cpp.objcpp; path = GLSprite.mm; sourceTree = "<group>"; };
		077FFAE6124CF8AC00FC7D17 /* GLObject.h */ = {isa = PBXFileReference; fileEncoding = 4; lastKnownFileType = sourcecode.c.h; path = GLObject.h; sourceTree = "<group>"; };
		077FFAE7124CF8AC00FC7D17 /* GLObjectTypes.h */ = {isa = PBXFileReference; fileEncoding = 4; lastKnownFileType = sourcecode.c.h; path = GLObjectTypes.h; sourceTree = "<group>"; };
		077FFC1E124E398A00FC7D17 /* GameTimer.h */ = {isa = PBXFileReference; fileEncoding = 4; lastKnownFileType = sourcecode.c.h; path = GameTimer.h; sourceTree = "<group>"; };
		077FFC1F124E398A00FC7D17 /* GameTimer.m */ = {isa = PBXFileReference; fileEncoding = 4; lastKnownFileType = sourcecode.c.objc; path = GameTimer.m; sourceTree = "<group>"; };
		077FFC7C124E3E6500FC7D17 /* GLES1Renderer.h */ = {isa = PBXFileReference; fileEncoding = 4; lastKnownFileType = sourcecode.c.h; path = GLES1Renderer.h; sourceTree = "<group>"; };
		077FFC7D124E3E6500FC7D17 /* GLES1Renderer.mm */ = {isa = PBXFileReference; fileEncoding = 4; lastKnownFileType = sourcecode.cpp.objcpp; path = GLES1Renderer.mm; sourceTree = "<group>"; };
		078B0121124E50FC00227D49 /* application_icon@2x~iPhone.png */ = {isa = PBXFileReference; lastKnownFileType = image.png; path = "application_icon@2x~iPhone.png"; sourceTree = "<group>"; };
		078B0122124E50FD00227D49 /* application_icon~iPad.png */ = {isa = PBXFileReference; lastKnownFileType = image.png; path = "application_icon~iPad.png"; sourceTree = "<group>"; };
		078B0123124E50FD00227D49 /* application_icon~iPhone.png */ = {isa = PBXFileReference; lastKnownFileType = image.png; path = "application_icon~iPhone.png"; sourceTree = "<group>"; };
		078B0124124E50FD00227D49 /* iTunesArtwork */ = {isa = PBXFileReference; lastKnownFileType = file; path = iTunesArtwork; sourceTree = "<group>"; };
		078B0125124E50FD00227D49 /* search_icon.png */ = {isa = PBXFileReference; lastKnownFileType = image.png; path = search_icon.png; sourceTree = "<group>"; };
		078B0126124E50FD00227D49 /* settings_search_icon.png */ = {isa = PBXFileReference; lastKnownFileType = image.png; path = settings_search_icon.png; sourceTree = "<group>"; };
		078B0127124E50FD00227D49 /* settings_search_icon@2x.png */ = {isa = PBXFileReference; lastKnownFileType = image.png; path = "settings_search_icon@2x.png"; sourceTree = "<group>"; };
		078B02E7124F985500227D49 /* GLMeshShapes.h */ = {isa = PBXFileReference; fileEncoding = 4; lastKnownFileType = sourcecode.c.h; path = GLMeshShapes.h; sourceTree = "<group>"; };
		078B03EC1250993E00227D49 /* GLMeshWriter.h */ = {isa = PBXFileReference; fileEncoding = 4; lastKnownFileType = sourcecode.c.h; path = GLMeshWriter.h; sourceTree = "<group>"; };
		078B03ED1250993E00227D49 /* GLMeshWriter.mm */ = {isa = PBXFileReference; fileEncoding = 4; lastKnownFileType = sourcecode.cpp.objcpp; path = GLMeshWriter.mm; sourceTree = "<group>"; };
		078B03FB1250A1B400227D49 /* SL_taffy.md2 */ = {isa = PBXFileReference; lastKnownFileType = file; path = SL_taffy.md2; sourceTree = "<group>"; };
		078B03FC1250A1B400227D49 /* SL_pickles.md2 */ = {isa = PBXFileReference; lastKnownFileType = file; path = SL_pickles.md2; sourceTree = "<group>"; };
		078B03FD1250A1B400227D49 /* SL_hinkle.md2 */ = {isa = PBXFileReference; lastKnownFileType = file; path = SL_hinkle.md2; sourceTree = "<group>"; };
		078B03FE1250A1B400227D49 /* SL_dasher.md2 */ = {isa = PBXFileReference; lastKnownFileType = file; path = SL_dasher.md2; sourceTree = "<group>"; };
		078B03FF1250A1B400227D49 /* SL_bert.md2 */ = {isa = PBXFileReference; lastKnownFileType = file; path = SL_bert.md2; sourceTree = "<group>"; };
		078B04051250A1DD00227D49 /* SL_bert.png */ = {isa = PBXFileReference; lastKnownFileType = image.png; path = SL_bert.png; sourceTree = "<group>"; };
		078B04061250A1DD00227D49 /* SL_ghost_names.jpg */ = {isa = PBXFileReference; lastKnownFileType = image.jpeg; path = SL_ghost_names.jpg; sourceTree = "<group>"; };
		078B04091250A1F000227D49 /* SL_dasher.png */ = {isa = PBXFileReference; lastKnownFileType = image.png; path = SL_dasher.png; sourceTree = "<group>"; };
		078B040A1250A1F000227D49 /* SL_taffy.png */ = {isa = PBXFileReference; lastKnownFileType = image.png; path = SL_taffy.png; sourceTree = "<group>"; };
		078B040B1250A1F000227D49 /* SL_hinkle.png */ = {isa = PBXFileReference; lastKnownFileType = image.png; path = SL_hinkle.png; sourceTree = "<group>"; };
		078B040C1250A1F000227D49 /* SL_pickles.png */ = {isa = PBXFileReference; lastKnownFileType = image.png; path = SL_pickles.png; sourceTree = "<group>"; };
		078B05831250D57F00227D49 /* GLScene.h */ = {isa = PBXFileReference; fileEncoding = 4; lastKnownFileType = sourcecode.c.h; path = GLScene.h; sourceTree = "<group>"; };
		078B05841250D57F00227D49 /* GLScene.mm */ = {isa = PBXFileReference; fileEncoding = 4; lastKnownFileType = sourcecode.cpp.objcpp; path = GLScene.mm; sourceTree = "<group>"; };
		078B08171251056800227D49 /* GLMeshCone.h */ = {isa = PBXFileReference; fileEncoding = 4; lastKnownFileType = sourcecode.c.h; path = GLMeshCone.h; sourceTree = "<group>"; };
		078B08181251056800227D49 /* GLMeshCube.h */ = {isa = PBXFileReference; fileEncoding = 4; lastKnownFileType = sourcecode.c.h; path = GLMeshCube.h; sourceTree = "<group>"; };
		078B08191251056800227D49 /* GLMeshCylinder.h */ = {isa = PBXFileReference; fileEncoding = 4; lastKnownFileType = sourcecode.c.h; path = GLMeshCylinder.h; sourceTree = "<group>"; };
		078B081A1251056800227D49 /* GLMeshSphere.h */ = {isa = PBXFileReference; fileEncoding = 4; lastKnownFileType = sourcecode.c.h; path = GLMeshSphere.h; sourceTree = "<group>"; };
		078B0828125107D700227D49 /* GLModelTypes.h */ = {isa = PBXFileReference; fileEncoding = 4; lastKnownFileType = sourcecode.c.h; path = GLModelTypes.h; sourceTree = "<group>"; };
		078B08291251083600227D49 /* GLModelVertexAnimation.h */ = {isa = PBXFileReference; fileEncoding = 4; lastKnownFileType = sourcecode.c.h; path = GLModelVertexAnimation.h; sourceTree = "<group>"; };
		078B082A1251083600227D49 /* GLModelVertexAnimation.mm */ = {isa = PBXFileReference; fileEncoding = 4; lastKnownFileType = sourcecode.cpp.objcpp; path = GLModelVertexAnimation.mm; sourceTree = "<group>"; };
		078B084912510CAA00227D49 /* GLModelStatic.h */ = {isa = PBXFileReference; fileEncoding = 4; lastKnownFileType = sourcecode.c.h; path = GLModelStatic.h; sourceTree = "<group>"; };
		078B084A12510CAA00227D49 /* GLModelStatic.mm */ = {isa = PBXFileReference; fileEncoding = 4; lastKnownFileType = sourcecode.cpp.objcpp; path = GLModelStatic.mm; sourceTree = "<group>"; };
		078B086712510EDD00227D49 /* GLModels.h */ = {isa = PBXFileReference; fileEncoding = 4; lastKnownFileType = sourcecode.c.h; path = GLModels.h; sourceTree = "<group>"; };
		078B09581251F51500227D49 /* GLTestStaticMesh.h */ = {isa = PBXFileReference; fileEncoding = 4; lastKnownFileType = sourcecode.c.h; path = GLTestStaticMesh.h; sourceTree = "<group>"; };
		078B09591251F51500227D49 /* GLTestStaticMesh.mm */ = {isa = PBXFileReference; fileEncoding = 4; lastKnownFileType = sourcecode.cpp.objcpp; path = GLTestStaticMesh.mm; sourceTree = "<group>"; };
		078B097B1251F9C000227D49 /* GLTestVertexAnimatedMesh.h */ = {isa = PBXFileReference; fileEncoding = 4; lastKnownFileType = sourcecode.c.h; path = GLTestVertexAnimatedMesh.h; sourceTree = "<group>"; };
		078B097C1251F9C000227D49 /* GLTestVertexAnimatedMesh.mm */ = {isa = PBXFileReference; fileEncoding = 4; lastKnownFileType = sourcecode.cpp.objcpp; path = GLTestVertexAnimatedMesh.mm; sourceTree = "<group>"; };
		078B0A9A125220CB00227D49 /* GLCamera.h */ = {isa = PBXFileReference; fileEncoding = 4; lastKnownFileType = sourcecode.c.h; path = GLCamera.h; sourceTree = "<group>"; };
		078B0A9B125220CB00227D49 /* GLCamera.mm */ = {isa = PBXFileReference; fileEncoding = 4; lastKnownFileType = sourcecode.cpp.objcpp; path = GLCamera.mm; sourceTree = "<group>"; };
		078B0A9C12522D1E00227D49 /* CGQuaternion.h */ = {isa = PBXFileReference; fileEncoding = 4; lastKnownFileType = sourcecode.c.h; path = CGQuaternion.h; sourceTree = "<group>"; };
		078B0B301252496700227D49 /* MD3Types.h */ = {isa = PBXFileReference; fileEncoding = 4; lastKnownFileType = sourcecode.c.h; path = MD3Types.h; sourceTree = "<group>"; };
		07A8F2B412535015009E62A5 /* GLTestCameraGeneral.h */ = {isa = PBXFileReference; fileEncoding = 4; lastKnownFileType = sourcecode.c.h; path = GLTestCameraGeneral.h; sourceTree = "<group>"; };
		07A8F2B512535015009E62A5 /* GLTestCameraGeneral.mm */ = {isa = PBXFileReference; fileEncoding = 4; lastKnownFileType = sourcecode.cpp.objcpp; path = GLTestCameraGeneral.mm; sourceTree = "<group>"; };
		07A8F45512536F73009E62A5 /* GLPerspective.h */ = {isa = PBXFileReference; fileEncoding = 4; lastKnownFileType = sourcecode.c.h; path = GLPerspective.h; sourceTree = "<group>"; };
		07A8F45612536F73009E62A5 /* GLPerspective.mm */ = {isa = PBXFileReference; fileEncoding = 4; lastKnownFileType = sourcecode.cpp.objcpp; path = GLPerspective.mm; sourceTree = "<group>"; };
		07A8F4A212539EE1009E62A5 /* GLTestCameraPerspective.h */ = {isa = PBXFileReference; fileEncoding = 4; lastKnownFileType = sourcecode.c.h; path = GLTestCameraPerspective.h; sourceTree = "<group>"; };
		07A8F4A312539EE1009E62A5 /* GLTestCameraPerspective.mm */ = {isa = PBXFileReference; fileEncoding = 4; lastKnownFileType = sourcecode.cpp.objcpp; path = GLTestCameraPerspective.mm; sourceTree = "<group>"; };
		07A8F4A512539F37009E62A5 /* GLCameras.h */ = {isa = PBXFileReference; fileEncoding = 4; lastKnownFileType = sourcecode.c.h; path = GLCameras.h; sourceTree = "<group>"; };
		07A8F5491253B1E3009E62A5 /* E3D_cone.md2 */ = {isa = PBXFileReference; lastKnownFileType = file; path = E3D_cone.md2; sourceTree = "<group>"; };
		07A8F54A1253B1E3009E62A5 /* E3D_sphere.md2 */ = {isa = PBXFileReference; lastKnownFileType = file; path = E3D_sphere.md2; sourceTree = "<group>"; };
		07A8F54B1253B1E3009E62A5 /* E3D_cylinder.md2 */ = {isa = PBXFileReference; lastKnownFileType = file; path = E3D_cylinder.md2; sourceTree = "<group>"; };
		07A8F54C1253B1E3009E62A5 /* E3D_cube.md2 */ = {isa = PBXFileReference; lastKnownFileType = file; path = E3D_cube.md2; sourceTree = "<group>"; };
		07A8F5601253B2F1009E62A5 /* GLTestColorScene.h */ = {isa = PBXFileReference; fileEncoding = 4; lastKnownFileType = sourcecode.c.h; path = GLTestColorScene.h; sourceTree = "<group>"; };
		07A8F5611253B2F1009E62A5 /* GLTestColorScene.mm */ = {isa = PBXFileReference; fileEncoding = 4; lastKnownFileType = sourcecode.cpp.objcpp; path = GLTestColorScene.mm; sourceTree = "<group>"; };
		07A8F5811253B47D009E62A5 /* GLTestColorModel.h */ = {isa = PBXFileReference; fileEncoding = 4; lastKnownFileType = sourcecode.c.h; path = GLTestColorModel.h; sourceTree = "<group>"; };
		07A8F5821253B47D009E62A5 /* GLTestColorModel.mm */ = {isa = PBXFileReference; fileEncoding = 4; lastKnownFileType = sourcecode.cpp.objcpp; path = GLTestColorModel.mm; sourceTree = "<group>"; };
		07A8F5981253B54B009E62A5 /* GLTestColorSceneModel.h */ = {isa = PBXFileReference; fileEncoding = 4; lastKnownFileType = sourcecode.c.h; path = GLTestColorSceneModel.h; sourceTree = "<group>"; };
		07A8F5991253B54B009E62A5 /* GLTestColorSceneModel.mm */ = {isa = PBXFileReference; fileEncoding = 4; lastKnownFileType = sourcecode.cpp.objcpp; path = GLTestColorSceneModel.mm; sourceTree = "<group>"; };
		07A8F5E01254A489009E62A5 /* CGSphere.h */ = {isa = PBXFileReference; fileEncoding = 4; lastKnownFileType = sourcecode.c.h; path = CGSphere.h; sourceTree = "<group>"; };
		07A8F6231254D88A009E62A5 /* CGTestMathsAABB.h */ = {isa = PBXFileReference; fileEncoding = 4; lastKnownFileType = sourcecode.c.h; path = CGTestMathsAABB.h; sourceTree = "<group>"; };
		07A8F6241254D88A009E62A5 /* CGTestMathsAABB.mm */ = {isa = PBXFileReference; fileEncoding = 4; lastKnownFileType = sourcecode.cpp.objcpp; path = CGTestMathsAABB.mm; sourceTree = "<group>"; };
		07A8F6261254DA17009E62A5 /* CGTextMaths.h */ = {isa = PBXFileReference; fileEncoding = 4; lastKnownFileType = sourcecode.c.h; path = CGTextMaths.h; sourceTree = "<group>"; };
		1D30AB110D05D00D00671497 /* Foundation.framework */ = {isa = PBXFileReference; lastKnownFileType = wrapper.framework; name = Foundation.framework; path = System/Library/Frameworks/Foundation.framework; sourceTree = SDKROOT; };
		1D3623240D0F684500981E51 /* Electric3DAppDelegate.h */ = {isa = PBXFileReference; fileEncoding = 4; lastKnownFileType = sourcecode.c.h; path = Electric3DAppDelegate.h; sourceTree = "<group>"; };
		1D3623250D0F684500981E51 /* Electric3DAppDelegate.mm */ = {isa = PBXFileReference; fileEncoding = 4; lastKnownFileType = sourcecode.cpp.objcpp; path = Electric3DAppDelegate.mm; sourceTree = "<group>"; };
		1D6058910D05DD3D006BFB54 /* Electric3D.app */ = {isa = PBXFileReference; explicitFileType = wrapper.application; includeInIndex = 0; path = Electric3D.app; sourceTree = BUILT_PRODUCTS_DIR; };
		1DF5F4DF0D08C38300B7A737 /* UIKit.framework */ = {isa = PBXFileReference; lastKnownFileType = wrapper.framework; name = UIKit.framework; path = System/Library/Frameworks/UIKit.framework; sourceTree = SDKROOT; };
		2892E40F0DC94CBA00A64D0F /* CoreGraphics.framework */ = {isa = PBXFileReference; lastKnownFileType = wrapper.framework; name = CoreGraphics.framework; path = System/Library/Frameworks/CoreGraphics.framework; sourceTree = SDKROOT; };
		28A0AAE50D9B0CCF005BE974 /* Electric3D_Prefix.pch */ = {isa = PBXFileReference; fileEncoding = 4; lastKnownFileType = sourcecode.c.h; path = Electric3D_Prefix.pch; sourceTree = "<group>"; };
		28AD735F0D9D9599002E5188 /* MainWindow.xib */ = {isa = PBXFileReference; lastKnownFileType = file.xib; path = MainWindow.xib; sourceTree = "<group>"; };
		28C286DF0D94DF7D0034E888 /* RootViewController.h */ = {isa = PBXFileReference; fileEncoding = 4; lastKnownFileType = sourcecode.c.h; path = RootViewController.h; sourceTree = "<group>"; };
		28C286E00D94DF7D0034E888 /* RootViewController.mm */ = {isa = PBXFileReference; fileEncoding = 4; lastKnownFileType = sourcecode.cpp.objcpp; path = RootViewController.mm; sourceTree = "<group>"; };
		28F335F01007B36200424DE2 /* RootViewController.xib */ = {isa = PBXFileReference; lastKnownFileType = file.xib; path = RootViewController.xib; sourceTree = "<group>"; };
		29B97316FDCFA39411CA2CEA /* main.m */ = {isa = PBXFileReference; fileEncoding = 4; lastKnownFileType = sourcecode.c.objc; path = main.m; sourceTree = "<group>"; };
		8D1107310486CEB800E47090 /* Electric3D-Info.plist */ = {isa = PBXFileReference; fileEncoding = 4; lastKnownFileType = text.plist.xml; path = "Electric3D-Info.plist"; plistStructureDefinitionIdentifier = "com.apple.xcode.plist.structure-definition.iphone.info-plist"; sourceTree = "<group>"; };
/* End PBXFileReference section */

/* Begin PBXFrameworksBuildPhase section */
		07126F7112551F0E00C94F40 /* Frameworks */ = {
			isa = PBXFrameworksBuildPhase;
			buildActionMask = 2147483647;
			files = (
				07127067125522A900C94F40 /* UIKit.framework in Frameworks */,
				07127068125522A900C94F40 /* Foundation.framework in Frameworks */,
				07127069125522A900C94F40 /* CoreGraphics.framework in Frameworks */,
				0712706A125522A900C94F40 /* OpenGLES.framework in Frameworks */,
				0712706B125522A900C94F40 /* QuartzCore.framework in Frameworks */,
				0712706C125522A900C94F40 /* libz.dylib in Frameworks */,
			);
			runOnlyForDeploymentPostprocessing = 0;
		};
		1D60588F0D05DD3D006BFB54 /* Frameworks */ = {
			isa = PBXFrameworksBuildPhase;
			buildActionMask = 2147483647;
			files = (
				1D60589F0D05DD5A006BFB54 /* Foundation.framework in Frameworks */,
				1DF5F4E00D08C38300B7A737 /* UIKit.framework in Frameworks */,
				2892E4100DC94CBA00A64D0F /* CoreGraphics.framework in Frameworks */,
				077FF21812490B9300FC7D17 /* OpenGLES.framework in Frameworks */,
				077FF21C12490BB500FC7D17 /* QuartzCore.framework in Frameworks */,
				077FF886124BEC6500FC7D17 /* libz.dylib in Frameworks */,
			);
			runOnlyForDeploymentPostprocessing = 0;
		};
/* End PBXFrameworksBuildPhase section */

/* Begin PBXGroup section */
		07126F5B1255196500C94F40 /* Resources */ = {
			isa = PBXGroup;
			children = (
				07126F5C1255196500C94F40 /* iphoneos.sdk */,
				07126F5E1255196500C94F40 /* iphonesimulator.sdk */,
			);
			path = Resources;
			sourceTree = "<group>";
		};
		07126F5C1255196500C94F40 /* iphoneos.sdk */ = {
			isa = PBXGroup;
			children = (
				07126F5D1255196500C94F40 /* SDKSettings.plist */,
			);
			path = iphoneos.sdk;
			sourceTree = "<group>";
		};
		07126F5E1255196500C94F40 /* iphonesimulator.sdk */ = {
			isa = PBXGroup;
			children = (
				07126F5F1255196500C94F40 /* SDKSettings.plist */,
			);
			path = iphonesimulator.sdk;
			sourceTree = "<group>";
		};
		07126F621255197F00C94F40 /* Scripts */ = {
			isa = PBXGroup;
			children = (
				07126F631255198000C94F40 /* CreateSDK.sh */,
			);
			path = Scripts;
			sourceTree = "<group>";
		};
		07126F651255199900C94F40 /* Documents */ = {
			isa = PBXGroup;
			children = (
				07126F661255199900C94F40 /* Changes.rtf */,
				07126F671255199A00C94F40 /* Credits.rtf */,
				07126F681255199A00C94F40 /* Install.rtf */,
				07126F691255199A00C94F40 /* README */,
			);
			path = Documents;
			sourceTree = "<group>";
		};
		077FF0D71248B53A00FC7D17 /* Electric3D */ = {
			isa = PBXGroup;
			children = (
				077FF0DA1248B57A00FC7D17 /* Utilities */,
				077FF0D91248B57100FC7D17 /* Objects */,
				077FF0D81248B54800FC7D17 /* Renderer */,
				07126F6E12551E3700C94F40 /* Electric3D.h */,
			);
			path = Electric3D;
			sourceTree = "<group>";
		};
		077FF0D81248B54800FC7D17 /* Renderer */ = {
			isa = PBXGroup;
			children = (
				077FF32B124A0AA300FC7D17 /* GLView.h */,
				077FF32C124A0AA300FC7D17 /* GLView.mm */,
				077FF48C124A433E00FC7D17 /* GLRenderer.h */,
				077FF48D124A433E00FC7D17 /* GLRenderer.mm */,
				077FF32E124A0C0C00FC7D17 /* IRenderEngine.h */,
				077FF50C124A523800FC7D17 /* iGlu */,
				077FF22C12490CA000FC7D17 /* ES1 */,
			);
			path = Renderer;
			sourceTree = "<group>";
		};
		077FF0D91248B57100FC7D17 /* Objects */ = {
			isa = PBXGroup;
			children = (
				077FFAE7124CF8AC00FC7D17 /* GLObjectTypes.h */,
				077FFAE6124CF8AC00FC7D17 /* GLObject.h */,
				078B03E31250986900227D49 /* Scene */,
				077FF527124A548A00FC7D17 /* Models */,
			);
			path = Objects;
			sourceTree = "<group>";
		};
		077FF0DA1248B57A00FC7D17 /* Utilities */ = {
			isa = PBXGroup;
			children = (
				078B0A991252208700227D49 /* Camera */,
				077FF912124CB26000FC7D17 /* Vertex */,
				077FF910124CB21100FC7D17 /* Mesh */,
				077FF2C7124925D700FC7D17 /* Textures */,
				077FF87C124BEB3300FC7D17 /* Compression */,
				077FFA92124CE93200FC7D17 /* Sprites */,
				077FF2401249111200FC7D17 /* Colors */,
				077FF0E11248C50F00FC7D17 /* Maths */,
				077FF0E01248C4FA00FC7D17 /* Timers */,
			);
			path = Utilities;
			sourceTree = "<group>";
		};
		077FF0E01248C4FA00FC7D17 /* Timers */ = {
			isa = PBXGroup;
			children = (
				077FF1CE12490B0F00FC7D17 /* RenderTimer.h */,
				077FF1CF12490B0F00FC7D17 /* RenderTimer.mm */,
				077FFC1E124E398A00FC7D17 /* GameTimer.h */,
				077FFC1F124E398A00FC7D17 /* GameTimer.m */,
			);
			path = Timers;
			sourceTree = "<group>";
		};
		077FF0E11248C50F00FC7D17 /* Maths */ = {
			isa = PBXGroup;
			children = (
				077FF0E21248C53D00FC7D17 /* CGMaths.h */,
				077FF0EC1248C5FF00FC7D17 /* CGMathsConstants.h */,
				077FF0ED1248C69500FC7D17 /* CGMathsUtilties.h */,
				077FF0EF1248C72700FC7D17 /* CGVector2D.h */,
				077FF0F11248C89D00FC7D17 /* CGVector3D.h */,
				077FF1631248D6B900FC7D17 /* CGVector4D.h */,
				077FF17C1248DD4B00FC7D17 /* CGMatrix3x3.h */,
				077FF1621248D68700FC7D17 /* CGMatrix4x4.h */,
				078B0A9C12522D1E00227D49 /* CGQuaternion.h */,
				077FF966124CBE6000FC7D17 /* CGAABB.h */,
				07A8F5E01254A489009E62A5 /* CGSphere.h */,
			);
			path = Maths;
			sourceTree = "<group>";
		};
		077FF22C12490CA000FC7D17 /* ES1 */ = {
			isa = PBXGroup;
			children = (
				077FF32F124A0D2700FC7D17 /* GLES1RenderEngine.h */,
				077FF330124A0D2700FC7D17 /* GLES1RenderEngine.mm */,
				077FFC7C124E3E6500FC7D17 /* GLES1Renderer.h */,
				077FFC7D124E3E6500FC7D17 /* GLES1Renderer.mm */,
			);
			path = ES1;
			sourceTree = "<group>";
		};
		077FF2401249111200FC7D17 /* Colors */ = {
			isa = PBXGroup;
			children = (
				077FF2591249184500FC7D17 /* GLColors.h */,
				077FF2571249184500FC7D17 /* GLColor.h */,
				077FF2581249184500FC7D17 /* GLColor.mm */,
			);
			path = Colors;
			sourceTree = "<group>";
		};
		077FF2C7124925D700FC7D17 /* Textures */ = {
			isa = PBXGroup;
			children = (
				077FFA0E124CD26900FC7D17 /* GLTextureFactory.h */,
				077FFA0F124CD26900FC7D17 /* GLTextureFactory.mm */,
				077FFA11124CD5F000FC7D17 /* Containers */,
				077FF2D31249265000FC7D17 /* Loaders */,
			);
			path = Textures;
			sourceTree = "<group>";
		};
		077FF2D31249265000FC7D17 /* Loaders */ = {
			isa = PBXGroup;
			children = (
				077FF2D41249265000FC7D17 /* GLBasicTextureLoader.h */,
				077FF2D51249265000FC7D17 /* GLBasicTextureLoader.mm */,
				077FF2D61249265000FC7D17 /* GLPVRTextureLoader.h */,
				077FF2D71249265000FC7D17 /* GLPVRTextureLoader.mm */,
			);
			path = Loaders;
			sourceTree = "<group>";
		};
		077FF35C124A1D8000FC7D17 /* Test */ = {
			isa = PBXGroup;
			children = (
				07A8F6121254D42E009E62A5 /* Maths */,
				07A8F5471253B1AC009E62A5 /* Color */,
				07A8F2B312534FEE009E62A5 /* Camera */,
				078B09731251F92E00227D49 /* MeshTests */,
				077FF714124BBA9A00FC7D17 /* GLTestMeshFactory.h */,
				077FF715124BBA9A00FC7D17 /* GLTestMeshFactory.mm */,
				077FF7C5124BC7AF00FC7D17 /* GLTestTextureFactory.h */,
				077FF7C6124BC7AF00FC7D17 /* GLTestTextureFactory.mm */,
				077FF35D124A1DB500FC7D17 /* GLTestGeneral.h */,
				077FF35E124A1DB500FC7D17 /* GLTestGeneral.mm */,
			);
			path = Test;
			sourceTree = "<group>";
		};
		077FF50C124A523800FC7D17 /* iGlu */ = {
			isa = PBXGroup;
			children = (
				077FF50D124A523800FC7D17 /* error.c */,
				077FF50E124A523800FC7D17 /* glu.h */,
				077FF50F124A523800FC7D17 /* glue.c */,
				077FF510124A523800FC7D17 /* gluint.h */,
				077FF511124A523800FC7D17 /* gluos.h */,
				077FF512124A523800FC7D17 /* project.c */,
				077FF513124A523800FC7D17 /* registry.c */,
			);
			path = iGlu;
			sourceTree = "<group>";
		};
		077FF527124A548A00FC7D17 /* Models */ = {
			isa = PBXGroup;
			children = (
				078B086712510EDD00227D49 /* GLModels.h */,
				078B0828125107D700227D49 /* GLModelTypes.h */,
				077FF52D124A559E00FC7D17 /* GLModel.h */,
				077FF531124A564800FC7D17 /* GLModel.mm */,
				078B087D1251115100227D49 /* Containers */,
			);
			path = Models;
			sourceTree = "<group>";
		};
		077FF707124BB7E900FC7D17 /* Data */ = {
			isa = PBXGroup;
			children = (
				077FF709124BB80F00FC7D17 /* Models */,
				077FF708124BB7FD00FC7D17 /* Textures */,
			);
			path = Data;
			sourceTree = "<group>";
		};
		077FF708124BB7FD00FC7D17 /* Textures */ = {
			isa = PBXGroup;
			children = (
				077FF70B124BB83300FC7D17 /* PNG */,
			);
			path = Textures;
			sourceTree = "<group>";
		};
		077FF709124BB80F00FC7D17 /* Models */ = {
			isa = PBXGroup;
			children = (
				077FF70A124BB82200FC7D17 /* MD2 */,
			);
			path = Models;
			sourceTree = "<group>";
		};
		077FF70A124BB82200FC7D17 /* MD2 */ = {
			isa = PBXGroup;
			children = (
				07A8F5491253B1E3009E62A5 /* E3D_cone.md2 */,
				07A8F54A1253B1E3009E62A5 /* E3D_sphere.md2 */,
				07A8F54B1253B1E3009E62A5 /* E3D_cylinder.md2 */,
				07A8F54C1253B1E3009E62A5 /* E3D_cube.md2 */,
				078B03FB1250A1B400227D49 /* SL_taffy.md2 */,
				078B03FC1250A1B400227D49 /* SL_pickles.md2 */,
				078B03FD1250A1B400227D49 /* SL_hinkle.md2 */,
				078B03FE1250A1B400227D49 /* SL_dasher.md2 */,
				078B03FF1250A1B400227D49 /* SL_bert.md2 */,
				077FF73A124BBE1900FC7D17 /* MD2AnimatedMeshTest.md2 */,
				077FF957124CB85D00FC7D17 /* MD2StaticMeshTest.md2 */,
			);
			path = MD2;
			sourceTree = "<group>";
		};
		077FF70B124BB83300FC7D17 /* PNG */ = {
			isa = PBXGroup;
			children = (
				078B04051250A1DD00227D49 /* SL_bert.png */,
				078B04091250A1F000227D49 /* SL_dasher.png */,
				078B040A1250A1F000227D49 /* SL_taffy.png */,
				078B040B1250A1F000227D49 /* SL_hinkle.png */,
				078B040C1250A1F000227D49 /* SL_pickles.png */,
				078B04061250A1DD00227D49 /* SL_ghost_names.jpg */,
				077FF73C124BBE2600FC7D17 /* MD2Test.png */,
			);
			path = PNG;
			sourceTree = "<group>";
		};
		077FF87C124BEB3300FC7D17 /* Compression */ = {
			isa = PBXGroup;
			children = (
				077FF87D124BEB6300FC7D17 /* Compression.h */,
				077FF87E124BEB6300FC7D17 /* Compression.m */,
			);
			path = Compression;
			sourceTree = "<group>";
		};
		077FF910124CB21100FC7D17 /* Mesh */ = {
			isa = PBXGroup;
			children = (
				077FF92F124CB46500FC7D17 /* GLMeshFactory.h */,
				077FF930124CB46500FC7D17 /* GLMeshFactory.mm */,
				077FF93A124CB4A400FC7D17 /* Containers */,
				077FF915124CB3EA00FC7D17 /* Formats */,
			);
			path = Mesh;
			sourceTree = "<group>";
		};
		077FF912124CB26000FC7D17 /* Vertex */ = {
			isa = PBXGroup;
			children = (
				077FF914124CB32200FC7D17 /* GLVertexTypes.h */,
				077FF913124CB28300FC7D17 /* GTVertexSubTypes.h */,
			);
			path = Vertex;
			sourceTree = "<group>";
		};
		077FF915124CB3EA00FC7D17 /* Formats */ = {
			isa = PBXGroup;
			children = (
				078B03EB1250990E00227D49 /* Writer */,
				078B02E6124F982A00227D49 /* Shapes */,
				077FF916124CB40300FC7D17 /* MD2 */,
				078B0B2F1252494300227D49 /* MD3 */,
			);
			path = Formats;
			sourceTree = "<group>";
		};
		077FF916124CB40300FC7D17 /* MD2 */ = {
			isa = PBXGroup;
			children = (
				077FF91C124CB42200FC7D17 /* Anorms.h */,
				077FF921124CB42200FC7D17 /* MD2Types.h */,
				077FF91D124CB42200FC7D17 /* MD2Model.h */,
				077FF91E124CB42200FC7D17 /* MD2Model.mm */,
				077FF91F124CB42200FC7D17 /* MD2ModelConvertor.h */,
				077FF920124CB42200FC7D17 /* MD2ModelConvertor.mm */,
			);
			path = MD2;
			sourceTree = "<group>";
		};
		077FF93A124CB4A400FC7D17 /* Containers */ = {
			isa = PBXGroup;
			children = (
				077FF935124CB49600FC7D17 /* GLMeshTypes.h */,
				077FF932124CB49600FC7D17 /* GLMesh.h */,
				077FF933124CB49600FC7D17 /* GLMeshStatic.h */,
				077FF934124CB49600FC7D17 /* GLMeshStatic.mm */,
				077FF936124CB49600FC7D17 /* GLMeshVertexAnimation.h */,
				077FF937124CB49600FC7D17 /* GLMeshVertexAnimation.mm */,
			);
			path = Containers;
			sourceTree = "<group>";
		};
		077FFA11124CD5F000FC7D17 /* Containers */ = {
			isa = PBXGroup;
			children = (
				077FFA16124CD70400FC7D17 /* GLTexture.h */,
				077FFA17124CD70400FC7D17 /* GLTexture.mm */,
			);
			path = Containers;
			sourceTree = "<group>";
		};
		077FFA92124CE93200FC7D17 /* Sprites */ = {
			isa = PBXGroup;
			children = (
				077FFA93124CE96900FC7D17 /* GLSpriteFactory.h */,
				077FFA94124CE96900FC7D17 /* GLSpriteFactory.mm */,
				077FFA96124CEA4800FC7D17 /* Containers */,
			);
			path = Sprites;
			sourceTree = "<group>";
		};
		077FFA96124CEA4800FC7D17 /* Containers */ = {
			isa = PBXGroup;
			children = (
				077FFA97124CEA7000FC7D17 /* GLSprite.h */,
				077FFA98124CEA7000FC7D17 /* GLSprite.mm */,
			);
			path = Containers;
			sourceTree = "<group>";
		};
		078B0111124E50EE00227D49 /* Icons */ = {
			isa = PBXGroup;
			children = (
				078B0121124E50FC00227D49 /* application_icon@2x~iPhone.png */,
				078B0122124E50FD00227D49 /* application_icon~iPad.png */,
				078B0123124E50FD00227D49 /* application_icon~iPhone.png */,
				078B0124124E50FD00227D49 /* iTunesArtwork */,
				078B0125124E50FD00227D49 /* search_icon.png */,
				078B0126124E50FD00227D49 /* settings_search_icon.png */,
				078B0127124E50FD00227D49 /* settings_search_icon@2x.png */,
			);
			name = Icons;
			sourceTree = "<group>";
		};
		078B02E6124F982A00227D49 /* Shapes */ = {
			isa = PBXGroup;
			children = (
				078B02E7124F985500227D49 /* GLMeshShapes.h */,
				078B08171251056800227D49 /* GLMeshCone.h */,
				078B08181251056800227D49 /* GLMeshCube.h */,
				078B08191251056800227D49 /* GLMeshCylinder.h */,
				078B081A1251056800227D49 /* GLMeshSphere.h */,
			);
			path = Shapes;
			sourceTree = "<group>";
		};
		078B03E31250986900227D49 /* Scene */ = {
			isa = PBXGroup;
			children = (
				078B05831250D57F00227D49 /* GLScene.h */,
				078B05841250D57F00227D49 /* GLScene.mm */,
			);
			path = Scene;
			sourceTree = "<group>";
		};
		078B03EB1250990E00227D49 /* Writer */ = {
			isa = PBXGroup;
			children = (
				078B03EC1250993E00227D49 /* GLMeshWriter.h */,
				078B03ED1250993E00227D49 /* GLMeshWriter.mm */,
			);
			path = Writer;
			sourceTree = "<group>";
		};
		078B087D1251115100227D49 /* Containers */ = {
			isa = PBXGroup;
			children = (
				078B084912510CAA00227D49 /* GLModelStatic.h */,
				078B084A12510CAA00227D49 /* GLModelStatic.mm */,
				078B08291251083600227D49 /* GLModelVertexAnimation.h */,
				078B082A1251083600227D49 /* GLModelVertexAnimation.mm */,
			);
			path = Containers;
			sourceTree = "<group>";
		};
		078B09731251F92E00227D49 /* MeshTests */ = {
			isa = PBXGroup;
			children = (
				078B09581251F51500227D49 /* GLTestStaticMesh.h */,
				078B09591251F51500227D49 /* GLTestStaticMesh.mm */,
				078B097B1251F9C000227D49 /* GLTestVertexAnimatedMesh.h */,
				078B097C1251F9C000227D49 /* GLTestVertexAnimatedMesh.mm */,
			);
			path = MeshTests;
			sourceTree = "<group>";
		};
		078B0A991252208700227D49 /* Camera */ = {
			isa = PBXGroup;
			children = (
				07A8F4A512539F37009E62A5 /* GLCameras.h */,
				078B0A9A125220CB00227D49 /* GLCamera.h */,
				078B0A9B125220CB00227D49 /* GLCamera.mm */,
				07A8F45512536F73009E62A5 /* GLPerspective.h */,
				07A8F45612536F73009E62A5 /* GLPerspective.mm */,
			);
			path = Camera;
			sourceTree = "<group>";
		};
		078B0B2F1252494300227D49 /* MD3 */ = {
			isa = PBXGroup;
			children = (
				078B0B301252496700227D49 /* MD3Types.h */,
			);
			path = MD3;
			sourceTree = "<group>";
		};
		07A8F2B312534FEE009E62A5 /* Camera */ = {
			isa = PBXGroup;
			children = (
				07A8F2B412535015009E62A5 /* GLTestCameraGeneral.h */,
				07A8F2B512535015009E62A5 /* GLTestCameraGeneral.mm */,
				07A8F4A212539EE1009E62A5 /* GLTestCameraPerspective.h */,
				07A8F4A312539EE1009E62A5 /* GLTestCameraPerspective.mm */,
			);
			path = Camera;
			sourceTree = "<group>";
		};
		07A8F5471253B1AC009E62A5 /* Color */ = {
			isa = PBXGroup;
			children = (
				07A8F5601253B2F1009E62A5 /* GLTestColorScene.h */,
				07A8F5611253B2F1009E62A5 /* GLTestColorScene.mm */,
				07A8F5811253B47D009E62A5 /* GLTestColorModel.h */,
				07A8F5821253B47D009E62A5 /* GLTestColorModel.mm */,
				07A8F5981253B54B009E62A5 /* GLTestColorSceneModel.h */,
				07A8F5991253B54B009E62A5 /* GLTestColorSceneModel.mm */,
			);
			path = Color;
			sourceTree = "<group>";
		};
		07A8F6121254D42E009E62A5 /* Maths */ = {
			isa = PBXGroup;
			children = (
				07A8F6261254DA17009E62A5 /* CGTextMaths.h */,
				07A8F6231254D88A009E62A5 /* CGTestMathsAABB.h */,
				07A8F6241254D88A009E62A5 /* CGTestMathsAABB.mm */,
			);
			path = Maths;
			sourceTree = "<group>";
		};
		080E96DDFE201D6D7F000001 /* Classes */ = {
			isa = PBXGroup;
			children = (
				077FF0D71248B53A00FC7D17 /* Electric3D */,
				077FF35C124A1D8000FC7D17 /* Test */,
				28C286DF0D94DF7D0034E888 /* RootViewController.h */,
				28C286E00D94DF7D0034E888 /* RootViewController.mm */,
				1D3623240D0F684500981E51 /* Electric3DAppDelegate.h */,
				1D3623250D0F684500981E51 /* Electric3DAppDelegate.mm */,
			);
			path = Classes;
			sourceTree = "<group>";
		};
		19C28FACFE9D520D11CA2CBB /* Products */ = {
			isa = PBXGroup;
			children = (
				1D6058910D05DD3D006BFB54 /* Electric3D.app */,
				07126F7312551F0E00C94F40 /* libElectric3D.a */,
			);
			name = Products;
			sourceTree = "<group>";
		};
		29B97314FDCFA39411CA2CEA /* CustomTemplate */ = {
			isa = PBXGroup;
			children = (
				077FF707124BB7E900FC7D17 /* Data */,
				080E96DDFE201D6D7F000001 /* Classes */,
				29B97315FDCFA39411CA2CEA /* Other Sources */,
				29B97317FDCFA39411CA2CEA /* Resources */,
				29B97323FDCFA39411CA2CEA /* Frameworks */,
				19C28FACFE9D520D11CA2CBB /* Products */,
			);
			name = CustomTemplate;
			sourceTree = "<group>";
		};
		29B97315FDCFA39411CA2CEA /* Other Sources */ = {
			isa = PBXGroup;
			children = (
				28A0AAE50D9B0CCF005BE974 /* Electric3D_Prefix.pch */,
				29B97316FDCFA39411CA2CEA /* main.m */,
			);
			name = "Other Sources";
			sourceTree = "<group>";
		};
		29B97317FDCFA39411CA2CEA /* Resources */ = {
			isa = PBXGroup;
			children = (
				07126F651255199900C94F40 /* Documents */,
				07126F621255197F00C94F40 /* Scripts */,
				07126F5B1255196500C94F40 /* Resources */,
				078B0111124E50EE00227D49 /* Icons */,
				28F335F01007B36200424DE2 /* RootViewController.xib */,
				28AD735F0D9D9599002E5188 /* MainWindow.xib */,
				8D1107310486CEB800E47090 /* Electric3D-Info.plist */,
			);
			name = Resources;
			sourceTree = "<group>";
		};
		29B97323FDCFA39411CA2CEA /* Frameworks */ = {
			isa = PBXGroup;
			children = (
				1DF5F4DF0D08C38300B7A737 /* UIKit.framework */,
				1D30AB110D05D00D00671497 /* Foundation.framework */,
				2892E40F0DC94CBA00A64D0F /* CoreGraphics.framework */,
				077FF21712490B9300FC7D17 /* OpenGLES.framework */,
				077FF21B12490BB500FC7D17 /* QuartzCore.framework */,
				077FF885124BEC6500FC7D17 /* libz.dylib */,
			);
			name = Frameworks;
			sourceTree = "<group>";
		};
/* End PBXGroup section */

/* Begin PBXHeadersBuildPhase section */
		07126F6F12551F0E00C94F40 /* Headers */ = {
			isa = PBXHeadersBuildPhase;
			buildActionMask = 2147483647;
			files = (
				071270F01255246C00C94F40 /* GLCameras.h in Headers */,
				071270F11255246C00C94F40 /* GLCamera.h in Headers */,
				071270F21255246C00C94F40 /* GLPerspective.h in Headers */,
				071270EE1255245A00C94F40 /* GLVertexTypes.h in Headers */,
				071270EF1255245A00C94F40 /* GTVertexSubTypes.h in Headers */,
				071270EC1255244900C94F40 /* GLMeshFactory.h in Headers */,
				071270E61255243C00C94F40 /* GLMeshTypes.h in Headers */,
				071270E71255243C00C94F40 /* GLMesh.h in Headers */,
				071270E81255243C00C94F40 /* GLMeshStatic.h in Headers */,
				071270E91255243C00C94F40 /* GLMeshVertexAnimation.h in Headers */,
				071270E41255242500C94F40 /* GLMeshWriter.h in Headers */,
				071270DF1255241C00C94F40 /* GLMeshShapes.h in Headers */,
				071270E01255241C00C94F40 /* GLMeshCone.h in Headers */,
				071270E11255241C00C94F40 /* GLMeshCube.h in Headers */,
				071270E21255241C00C94F40 /* GLMeshCylinder.h in Headers */,
				071270E31255241C00C94F40 /* GLMeshSphere.h in Headers */,
				07126F771255229400C94F40 /* Anorms.h in Headers */,
				0712709F125523EF00C94F40 /* MD2Types.h in Headers */,
				071270A0125523EF00C94F40 /* MD2Model.h in Headers */,
				071270A1125523EF00C94F40 /* MD2ModelConvertor.h in Headers */,
				0712709E125523E700C94F40 /* MD3Types.h in Headers */,
				0712709A125523D800C94F40 /* GLBasicTextureLoader.h in Headers */,
				0712709B125523D800C94F40 /* GLPVRTextureLoader.h in Headers */,
				07127098125523CB00C94F40 /* GLTexture.h in Headers */,
				07127096125523C000C94F40 /* GLTextureFactory.h in Headers */,
				07127094125523A600C94F40 /* GLSprite.h in Headers */,
				071270921255239900C94F40 /* GLSpriteFactory.h in Headers */,
				0712708F1255238300C94F40 /* GLColors.h in Headers */,
				071270901255238300C94F40 /* GLColor.h in Headers */,
				07126F781255229400C94F40 /* CGAABB.h in Headers */,
				07126F791255229400C94F40 /* CGMaths.h in Headers */,
				07126F7A1255229400C94F40 /* CGMathsConstants.h in Headers */,
				07126F7B1255229400C94F40 /* CGMathsUtilties.h in Headers */,
				07126F7C1255229400C94F40 /* CGMatrix3x3.h in Headers */,
				07126F7D1255229400C94F40 /* CGMatrix4x4.h in Headers */,
				07126F7E1255229400C94F40 /* CGQuaternion.h in Headers */,
				07126F7F1255229400C94F40 /* CGSphere.h in Headers */,
				07126F801255229400C94F40 /* CGVector2D.h in Headers */,
				07126F811255229400C94F40 /* CGVector3D.h in Headers */,
				07126F821255229400C94F40 /* CGVector4D.h in Headers */,
				0712708B1255235B00C94F40 /* GLModelStatic.h in Headers */,
				0712708C1255235B00C94F40 /* GLModelVertexAnimation.h in Headers */,
				071270871255235200C94F40 /* GLModels.h in Headers */,
				071270881255235200C94F40 /* GLModelTypes.h in Headers */,
				071270891255235200C94F40 /* GLModel.h in Headers */,
				071270851255234400C94F40 /* GLScene.h in Headers */,
				071270831255233C00C94F40 /* GLObjectTypes.h in Headers */,
				071270841255233C00C94F40 /* GLObject.h in Headers */,
				071270801255233100C94F40 /* glu.h in Headers */,
				071270811255233100C94F40 /* gluint.h in Headers */,
				071270821255233100C94F40 /* gluos.h in Headers */,
				0712707D1255232200C94F40 /* GLES1RenderEngine.h in Headers */,
				0712707E1255232200C94F40 /* GLES1Renderer.h in Headers */,
				07127073125522FD00C94F40 /* GLView.h in Headers */,
				07127074125522FD00C94F40 /* GLRenderer.h in Headers */,
				071270751255230200C94F40 /* IRenderEngine.h in Headers */,
				07127072125522E800C94F40 /* Electric3D.h in Headers */,
				0712706F125522D500C94F40 /* RenderTimer.h in Headers */,
				07127070125522D500C94F40 /* GameTimer.h in Headers */,
				07126F831255229400C94F40 /* Compression.h in Headers */,
			);
			runOnlyForDeploymentPostprocessing = 0;
		};
/* End PBXHeadersBuildPhase section */

/* Begin PBXNativeTarget section */
		07126F7212551F0E00C94F40 /* libElectric3D */ = {
			isa = PBXNativeTarget;
			buildConfigurationList = 07126F7612551F2D00C94F40 /* Build configuration list for PBXNativeTarget "libElectric3D" */;
			buildPhases = (
				07126F6F12551F0E00C94F40 /* Headers */,
				07126F7012551F0E00C94F40 /* Sources */,
				07126F7112551F0E00C94F40 /* Frameworks */,
			);
			buildRules = (
			);
			dependencies = (
			);
			name = libElectric3D;
			productName = libElectric3D;
			productReference = 07126F7312551F0E00C94F40 /* libElectric3D.a */;
			productType = "com.apple.product-type.library.static";
		};
		1D6058900D05DD3D006BFB54 /* Electric3D */ = {
			isa = PBXNativeTarget;
			buildConfigurationList = 1D6058960D05DD3E006BFB54 /* Build configuration list for PBXNativeTarget "Electric3D" */;
			buildPhases = (
				1D60588D0D05DD3D006BFB54 /* Resources */,
				1D60588E0D05DD3D006BFB54 /* Sources */,
				1D60588F0D05DD3D006BFB54 /* Frameworks */,
			);
			buildRules = (
			);
			dependencies = (
			);
			name = Electric3D;
			productName = Electric3D;
			productReference = 1D6058910D05DD3D006BFB54 /* Electric3D.app */;
			productType = "com.apple.product-type.application";
		};
/* End PBXNativeTarget section */

/* Begin PBXProject section */
		29B97313FDCFA39411CA2CEA /* Project object */ = {
			isa = PBXProject;
			buildConfigurationList = C01FCF4E08A954540054247B /* Build configuration list for PBXProject "Electric3D" */;
			compatibilityVersion = "Xcode 3.1";
			developmentRegion = English;
			hasScannedForEncodings = 1;
			knownRegions = (
				English,
				Japanese,
				French,
				German,
				en,
			);
			mainGroup = 29B97314FDCFA39411CA2CEA /* CustomTemplate */;
			projectDirPath = "";
			projectRoot = "";
			targets = (
				1D6058900D05DD3D006BFB54 /* Electric3D */,
				07126F7212551F0E00C94F40 /* libElectric3D */,
				071271121255283700C94F40 /* CreateSDK */,
			);
		};
/* End PBXProject section */

/* Begin PBXResourcesBuildPhase section */
		1D60588D0D05DD3D006BFB54 /* Resources */ = {
			isa = PBXResourcesBuildPhase;
			buildActionMask = 2147483647;
			files = (
				28AD73600D9D9599002E5188 /* MainWindow.xib in Resources */,
				28F335F11007B36200424DE2 /* RootViewController.xib in Resources */,
				077FF73B124BBE1900FC7D17 /* MD2AnimatedMeshTest.md2 in Resources */,
				077FF73D124BBE2600FC7D17 /* MD2Test.png in Resources */,
				077FF958124CB85D00FC7D17 /* MD2StaticMeshTest.md2 in Resources */,
				078B0128124E50FD00227D49 /* application_icon@2x~iPhone.png in Resources */,
				078B0129124E50FD00227D49 /* application_icon~iPad.png in Resources */,
				078B012A124E50FD00227D49 /* application_icon~iPhone.png in Resources */,
				078B012B124E50FD00227D49 /* iTunesArtwork in Resources */,
				078B012C124E50FD00227D49 /* search_icon.png in Resources */,
				078B012D124E50FD00227D49 /* settings_search_icon.png in Resources */,
				078B012E124E50FD00227D49 /* settings_search_icon@2x.png in Resources */,
				078B04001250A1B400227D49 /* SL_taffy.md2 in Resources */,
				078B04011250A1B400227D49 /* SL_pickles.md2 in Resources */,
				078B04021250A1B400227D49 /* SL_hinkle.md2 in Resources */,
				078B04031250A1B400227D49 /* SL_dasher.md2 in Resources */,
				078B04041250A1B400227D49 /* SL_bert.md2 in Resources */,
				078B04071250A1DD00227D49 /* SL_bert.png in Resources */,
				078B04081250A1DD00227D49 /* SL_ghost_names.jpg in Resources */,
				078B040D1250A1F000227D49 /* SL_dasher.png in Resources */,
				078B040E1250A1F000227D49 /* SL_taffy.png in Resources */,
				078B040F1250A1F000227D49 /* SL_hinkle.png in Resources */,
				078B04101250A1F000227D49 /* SL_pickles.png in Resources */,
				07A8F54D1253B1E3009E62A5 /* E3D_cone.md2 in Resources */,
				07A8F54E1253B1E3009E62A5 /* E3D_sphere.md2 in Resources */,
				07A8F54F1253B1E3009E62A5 /* E3D_cylinder.md2 in Resources */,
				07A8F5501253B1E3009E62A5 /* E3D_cube.md2 in Resources */,
				07126F601255196500C94F40 /* SDKSettings.plist in Resources */,
				07126F611255196500C94F40 /* SDKSettings.plist in Resources */,
				07126F641255198000C94F40 /* CreateSDK.sh in Resources */,
				07126F6A1255199A00C94F40 /* Changes.rtf in Resources */,
				07126F6B1255199A00C94F40 /* Credits.rtf in Resources */,
				07126F6C1255199A00C94F40 /* Install.rtf in Resources */,
				07126F6D1255199A00C94F40 /* README in Resources */,
			);
			runOnlyForDeploymentPostprocessing = 0;
		};
/* End PBXResourcesBuildPhase section */

/* Begin PBXShellScriptBuildPhase section */
		071271111255283700C94F40 /* ShellScript */ = {
			isa = PBXShellScriptBuildPhase;
			buildActionMask = 2147483647;
			files = (
			);
			inputPaths = (
			);
			outputPaths = (
			);
			runOnlyForDeploymentPostprocessing = 0;
			shellPath = /bin/sh;
			shellScript = "# shell script goes here\nexec $SOURCE_ROOT/Scripts/CreateSDK.sh";
		};
/* End PBXShellScriptBuildPhase section */

/* Begin PBXSourcesBuildPhase section */
		07126F7012551F0E00C94F40 /* Sources */ = {
			isa = PBXSourcesBuildPhase;
			buildActionMask = 2147483647;
			files = (
				0712706D125522B500C94F40 /* RenderTimer.mm in Sources */,
				0712706E125522B500C94F40 /* GameTimer.m in Sources */,
				07127071125522DF00C94F40 /* Compression.m in Sources */,
				071270761255230800C94F40 /* GLView.mm in Sources */,
				071270771255230800C94F40 /* GLRenderer.mm in Sources */,
				071270781255231300C94F40 /* error.c in Sources */,
				071270791255231300C94F40 /* project.c in Sources */,
				0712707A1255231300C94F40 /* registry.c in Sources */,
				0712707B1255231C00C94F40 /* GLES1RenderEngine.mm in Sources */,
				0712707C1255231C00C94F40 /* GLES1Renderer.mm in Sources */,
				0712707F1255232900C94F40 /* glue.c in Sources */,
				071270861255234900C94F40 /* GLScene.mm in Sources */,
				0712708A1255235600C94F40 /* GLModel.mm in Sources */,
				0712708D1255236000C94F40 /* GLModelStatic.mm in Sources */,
				0712708E1255236000C94F40 /* GLModelVertexAnimation.mm in Sources */,
				071270911255238B00C94F40 /* GLColor.mm in Sources */,
				071270931255239D00C94F40 /* GLSpriteFactory.mm in Sources */,
				07127095125523AA00C94F40 /* GLSprite.mm in Sources */,
				07127097125523C500C94F40 /* GLTextureFactory.mm in Sources */,
				07127099125523CF00C94F40 /* GLTexture.mm in Sources */,
				0712709C125523DD00C94F40 /* GLBasicTextureLoader.mm in Sources */,
				0712709D125523DD00C94F40 /* GLPVRTextureLoader.mm in Sources */,
				071270A2125523F500C94F40 /* MD2Model.mm in Sources */,
				071270A3125523F500C94F40 /* MD2ModelConvertor.mm in Sources */,
				071270E51255242900C94F40 /* GLMeshWriter.mm in Sources */,
				071270EA1255244200C94F40 /* GLMeshStatic.mm in Sources */,
				071270EB1255244200C94F40 /* GLMeshVertexAnimation.mm in Sources */,
				071270ED1255244E00C94F40 /* GLMeshFactory.mm in Sources */,
				071270F31255247100C94F40 /* GLCamera.mm in Sources */,
				071270F41255247100C94F40 /* GLPerspective.mm in Sources */,
			);
			runOnlyForDeploymentPostprocessing = 0;
		};
		1D60588E0D05DD3D006BFB54 /* Sources */ = {
			isa = PBXSourcesBuildPhase;
			buildActionMask = 2147483647;
			files = (
				1D60589B0D05DD56006BFB54 /* main.m in Sources */,
				1D3623260D0F684500981E51 /* Electric3DAppDelegate.mm in Sources */,
				28C286E10D94DF7D0034E888 /* RootViewController.mm in Sources */,
				077FF1D012490B0F00FC7D17 /* RenderTimer.mm in Sources */,
				077FF25A1249184500FC7D17 /* GLColor.mm in Sources */,
				077FF2DB1249265000FC7D17 /* GLBasicTextureLoader.mm in Sources */,
				077FF2DC1249265000FC7D17 /* GLPVRTextureLoader.mm in Sources */,
				077FF32D124A0AA300FC7D17 /* GLView.mm in Sources */,
				077FF331124A0D2700FC7D17 /* GLES1RenderEngine.mm in Sources */,
				077FF35F124A1DB500FC7D17 /* GLTestGeneral.mm in Sources */,
				077FF48E124A433E00FC7D17 /* GLRenderer.mm in Sources */,
				077FF514124A523800FC7D17 /* error.c in Sources */,
				077FF515124A523800FC7D17 /* glue.c in Sources */,
				077FF516124A523800FC7D17 /* project.c in Sources */,
				077FF517124A523800FC7D17 /* registry.c in Sources */,
				077FF532124A564800FC7D17 /* GLModel.mm in Sources */,
				077FF716124BBA9A00FC7D17 /* GLTestMeshFactory.mm in Sources */,
				077FF7C7124BC7AF00FC7D17 /* GLTestTextureFactory.mm in Sources */,
				077FF87F124BEB6300FC7D17 /* Compression.m in Sources */,
				077FF922124CB42200FC7D17 /* MD2Model.mm in Sources */,
				077FF923124CB42200FC7D17 /* MD2ModelConvertor.mm in Sources */,
				077FF931124CB46500FC7D17 /* GLMeshFactory.mm in Sources */,
				077FF938124CB49600FC7D17 /* GLMeshStatic.mm in Sources */,
				077FF939124CB49600FC7D17 /* GLMeshVertexAnimation.mm in Sources */,
				077FFA10124CD26900FC7D17 /* GLTextureFactory.mm in Sources */,
				077FFA18124CD70400FC7D17 /* GLTexture.mm in Sources */,
				077FFA95124CE96900FC7D17 /* GLSpriteFactory.mm in Sources */,
				077FFA99124CEA7000FC7D17 /* GLSprite.mm in Sources */,
				077FFC20124E398A00FC7D17 /* GameTimer.m in Sources */,
				077FFC7E124E3E6500FC7D17 /* GLES1Renderer.mm in Sources */,
				078B03EE1250993E00227D49 /* GLMeshWriter.mm in Sources */,
				078B05851250D57F00227D49 /* GLScene.mm in Sources */,
				078B082B1251083600227D49 /* GLModelVertexAnimation.mm in Sources */,
				078B084B12510CAA00227D49 /* GLModelStatic.mm in Sources */,
				078B095A1251F51500227D49 /* GLTestStaticMesh.mm in Sources */,
				078B097D1251F9C000227D49 /* GLTestVertexAnimatedMesh.mm in Sources */,
				078B0B95125259AF00227D49 /* GLCamera.mm in Sources */,
				07A8F2B612535015009E62A5 /* GLTestCameraGeneral.mm in Sources */,
				07A8F45712536F73009E62A5 /* GLPerspective.mm in Sources */,
				07A8F4A412539EE1009E62A5 /* GLTestCameraPerspective.mm in Sources */,
				07A8F5621253B2F1009E62A5 /* GLTestColorScene.mm in Sources */,
				07A8F5831253B47D009E62A5 /* GLTestColorModel.mm in Sources */,
				07A8F59A1253B54B009E62A5 /* GLTestColorSceneModel.mm in Sources */,
				07A8F6251254D88A009E62A5 /* CGTestMathsAABB.mm in Sources */,
			);
			runOnlyForDeploymentPostprocessing = 0;
		};
/* End PBXSourcesBuildPhase section */

/* Begin XCBuildConfiguration section */
		07126F7412551F0F00C94F40 /* Debug */ = {
			isa = XCBuildConfiguration;
			buildSettings = {
				ALWAYS_SEARCH_USER_PATHS = NO;
				COPY_PHASE_STRIP = NO;
				GCC_DYNAMIC_NO_PIC = NO;
				GCC_OPTIMIZATION_LEVEL = 0;
				GCC_PREFIX_HEADER = Electric3D_Prefix.pch;
				IPHONEOS_DEPLOYMENT_TARGET = 3.0;
				PREBINDING = NO;
				PRODUCT_NAME = Electric3D;
			};
			name = Debug;
		};
		07126F7512551F0F00C94F40 /* Release */ = {
			isa = XCBuildConfiguration;
			buildSettings = {
				ALWAYS_SEARCH_USER_PATHS = NO;
				COPY_PHASE_STRIP = YES;
				DEBUG_INFORMATION_FORMAT = "dwarf-with-dsym";
				GCC_ENABLE_FIX_AND_CONTINUE = NO;
				GCC_PREFIX_HEADER = Electric3D_Prefix.pch;
				PREBINDING = NO;
				PRODUCT_NAME = Electric3D;
				ZERO_LINK = NO;
			};
			name = Release;
		};
		071271131255283800C94F40 /* Debug */ = {
			isa = XCBuildConfiguration;
			buildSettings = {
				COPY_PHASE_STRIP = NO;
				GCC_DYNAMIC_NO_PIC = NO;
				GCC_OPTIMIZATION_LEVEL = 0;
				PRODUCT_NAME = CreateSDK;
			};
			name = Debug;
		};
		071271141255283800C94F40 /* Release */ = {
			isa = XCBuildConfiguration;
			buildSettings = {
				COPY_PHASE_STRIP = YES;
				DEBUG_INFORMATION_FORMAT = "dwarf-with-dsym";
				GCC_ENABLE_FIX_AND_CONTINUE = NO;
				PRODUCT_NAME = CreateSDK;
				ZERO_LINK = NO;
			};
			name = Release;
		};
		1D6058940D05DD3E006BFB54 /* Debug */ = {
			isa = XCBuildConfiguration;
			buildSettings = {
				ALWAYS_SEARCH_USER_PATHS = NO;
				COPY_PHASE_STRIP = NO;
				GCC_DYNAMIC_NO_PIC = NO;
				GCC_OPTIMIZATION_LEVEL = 0;
				GCC_PRECOMPILE_PREFIX_HEADER = YES;
				GCC_PREFIX_HEADER = Electric3D_Prefix.pch;
				GCC_UNROLL_LOOPS = YES;
				INFOPLIST_FILE = "Electric3D-Info.plist";
				IPHONEOS_DEPLOYMENT_TARGET = 3.0;
				PRODUCT_NAME = Electric3D;
				TARGETED_DEVICE_FAMILY = "1,2";
			};
			name = Debug;
		};
		1D6058950D05DD3E006BFB54 /* Release */ = {
			isa = XCBuildConfiguration;
			buildSettings = {
				ALWAYS_SEARCH_USER_PATHS = NO;
				COPY_PHASE_STRIP = YES;
				GCC_PRECOMPILE_PREFIX_HEADER = YES;
				GCC_PREFIX_HEADER = Electric3D_Prefix.pch;
				INFOPLIST_FILE = "Electric3D-Info.plist";
				IPHONEOS_DEPLOYMENT_TARGET = 3.0;
				PRODUCT_NAME = Electric3D;
				TARGETED_DEVICE_FAMILY = "1,2";
				VALIDATE_PRODUCT = YES;
			};
			name = Release;
		};
		C01FCF4F08A954540054247B /* Debug */ = {
			isa = XCBuildConfiguration;
			buildSettings = {
				ARCHS = "$(ARCHS_STANDARD_32_BIT)";
				"CODE_SIGN_IDENTITY[sdk=iphoneos*]" = "iPhone Developer";
				GCC_C_LANGUAGE_STANDARD = c99;
				GCC_WARN_ABOUT_RETURN_TYPE = YES;
				GCC_WARN_UNUSED_VARIABLE = YES;
				PREBINDING = NO;
				SDKROOT = iphoneos4.1;
				TARGETED_DEVICE_FAMILY = 1;
			};
			name = Debug;
		};
		C01FCF5008A954540054247B /* Release */ = {
			isa = XCBuildConfiguration;
			buildSettings = {
				ARCHS = "$(ARCHS_STANDARD_32_BIT)";
				"CODE_SIGN_IDENTITY[sdk=iphoneos*]" = "iPhone Developer";
				GCC_C_LANGUAGE_STANDARD = c99;
				GCC_WARN_ABOUT_RETURN_TYPE = YES;
				GCC_WARN_UNUSED_VARIABLE = YES;
				OTHER_CFLAGS = "-DNS_BLOCK_ASSERTIONS=1";
				PREBINDING = NO;
				SDKROOT = iphoneos4.1;
			};
			name = Release;
		};
/* End XCBuildConfiguration section */

/* Begin XCConfigurationList section */
		07126F7612551F2D00C94F40 /* Build configuration list for PBXNativeTarget "libElectric3D" */ = {
			isa = XCConfigurationList;
			buildConfigurations = (
				07126F7412551F0F00C94F40 /* Debug */,
				07126F7512551F0F00C94F40 /* Release */,
			);
			defaultConfigurationIsVisible = 0;
			defaultConfigurationName = Release;
		};
		071271151255285600C94F40 /* Build configuration list for PBXAggregateTarget "CreateSDK" */ = {
			isa = XCConfigurationList;
			buildConfigurations = (
				071271131255283800C94F40 /* Debug */,
				071271141255283800C94F40 /* Release */,
			);
			defaultConfigurationIsVisible = 0;
			defaultConfigurationName = Release;
		};
		1D6058960D05DD3E006BFB54 /* Build configuration list for PBXNativeTarget "Electric3D" */ = {
			isa = XCConfigurationList;
			buildConfigurations = (
				1D6058940D05DD3E006BFB54 /* Debug */,
				1D6058950D05DD3E006BFB54 /* Release */,
			);
			defaultConfigurationIsVisible = 0;
			defaultConfigurationName = Release;
		};
		C01FCF4E08A954540054247B /* Build configuration list for PBXProject "Electric3D" */ = {
			isa = XCConfigurationList;
			buildConfigurations = (
				C01FCF4F08A954540054247B /* Debug */,
				C01FCF5008A954540054247B /* Release */,
			);
			defaultConfigurationIsVisible = 0;
			defaultConfigurationName = Release;
		};
/* End XCConfigurationList section */
	};
	rootObject = 29B97313FDCFA39411CA2CEA /* Project object */;
}
